
Microsoft Visual Studio Solution File, Format Version 12.00
# Visual Studio Version 17
VisualStudioVersion = 17.0.31903.59
MinimumVisualStudioVersion = 10.0.40219.1
Project("{FAE04EC0-301F-11D3-BF4B-00C04F79EFBC}") = "Central.Desktop", "apps\desktop\Central.Desktop.csproj", "{A1B2C3D4-E5F6-7890-ABCD-EF1234567890}"
EndProject
Project("{FAE04EC0-301F-11D3-BF4B-00C04F79EFBC}") = "Central.Engine", "libs\engine\Central.Engine.csproj", "{B2C3D4E5-F6A7-8901-BCDE-F12345678901}"
EndProject
Project("{FAE04EC0-301F-11D3-BF4B-00C04F79EFBC}") = "Central.Persistence", "libs\persistence\Central.Persistence.csproj", "{C3D4E5F6-A7B8-9012-CDEF-123456789012}"
EndProject
Project("{FAE04EC0-301F-11D3-BF4B-00C04F79EFBC}") = "Central.Api", "services\api\Central.Api.csproj", "{5906A74E-D070-41C3-9CD6-986A4E98F8D1}"
EndProject
Project("{FAE04EC0-301F-11D3-BF4B-00C04F79EFBC}") = "Central.ApiClient", "libs\api-client\Central.ApiClient.csproj", "{1CC69299-C13F-488E-A0A3-665BA40293EB}"
EndProject
Project("{FAE04EC0-301F-11D3-BF4B-00C04F79EFBC}") = "Central.Module.ServiceDesk", "modules\service-desk\Central.Module.ServiceDesk.csproj", "{0267A71A-A87F-425A-B1E8-078649868808}"
EndProject
Project("{FAE04EC0-301F-11D3-BF4B-00C04F79EFBC}") = "Central.Tests", "tests\dotnet\Central.Tests.csproj", "{89C71B72-35E9-431D-93D5-08B744622108}"
EndProject
Project("{FAE04EC0-301F-11D3-BF4B-00C04F79EFBC}") = "Central.Tenancy", "libs\tenancy\Central.Tenancy.csproj", "{DD788367-EDFB-4EBD-B9C9-36540DF1663C}"
EndProject
Project("{FAE04EC0-301F-11D3-BF4B-00C04F79EFBC}") = "Central.Licensing", "libs\licensing\Central.Licensing.csproj", "{8A19A2B1-892A-4DA8-A52A-83862BEAA207}"
EndProject
Project("{FAE04EC0-301F-11D3-BF4B-00C04F79EFBC}") = "Central.Protection", "libs\protection\Central.Protection.csproj", "{4952659F-4E9C-4FA6-8997-7616A8F2DC57}"
EndProject
Project("{FAE04EC0-301F-11D3-BF4B-00C04F79EFBC}") = "Central.UpdateClient", "libs\update-client\Central.UpdateClient.csproj", "{37E6B7A2-B770-4780-9E53-4BEBE4D5B3FC}"
EndProject
Project("{FAE04EC0-301F-11D3-BF4B-00C04F79EFBC}") = "Central.Collaboration", "libs\collaboration\Central.Collaboration.csproj", "{9ACDD521-096C-4872-B4D1-3028DB992BBD}"
EndProject
Project("{FAE04EC0-301F-11D3-BF4B-00C04F79EFBC}") = "Central.Security", "libs\security\Central.Security.csproj", "{5A374669-D857-4D74-993D-026088D9556E}"
EndProject
Project("{FAE04EC0-301F-11D3-BF4B-00C04F79EFBC}") = "Central.Observability", "libs\observability\Central.Observability.csproj", "{21C193B9-57FE-47CB-A9BA-462856BD6405}"
EndProject
Project("{FAE04EC0-301F-11D3-BF4B-00C04F79EFBC}") = "Central.Workflows", "libs\workflows\Central.Workflows.csproj", "{2E642283-3D8B-4450-B815-0D3492F990E8}"
EndProject
Project("{FAE04EC0-301F-11D3-BF4B-00C04F79EFBC}") = "Central.Module.CRM", "modules\crm\Central.Module.CRM.csproj", "{E2DA81A6-F0F1-47B0-B482-589ABAE8FAFF}"
EndProject
Project("{2150E333-8FDC-42A3-9474-1A3956D46DE8}") = "modules", "modules", "{CA253913-39DE-BFD0-C9A3-4B7EC6FBDF17}"
EndProject
Project("{2150E333-8FDC-42A3-9474-1A3956D46DE8}") = "networking", "networking", "{C171D19F-4C06-939F-1168-8C486A4E9EC6}"
EndProject
Project("{FAE04EC0-301F-11D3-BF4B-00C04F79EFBC}") = "Central.Module.Networking", "modules\networking\Central.Module.Networking.csproj", "{1F3FA63A-B180-40BB-9433-5075EB55E9B0}"
EndProject
Project("{2150E333-8FDC-42A3-9474-1A3956D46DE8}") = "projects", "projects", "{7FED5378-94F8-A3FA-03EB-E97284551859}"
EndProject
Project("{FAE04EC0-301F-11D3-BF4B-00C04F79EFBC}") = "Central.Module.Projects", "modules\projects\Central.Module.Projects.csproj", "{CBFECB70-3450-4704-96CC-089A629CC8FD}"
EndProject
Project("{2150E333-8FDC-42A3-9474-1A3956D46DE8}") = "global", "global", "{722B1423-5C11-AC9A-E8E3-57B0490EF0C9}"
EndProject
Project("{FAE04EC0-301F-11D3-BF4B-00C04F79EFBC}") = "Central.Module.Global", "modules\global\Central.Module.Global.csproj", "{B6191AB4-259E-4BDE-AF3F-1C8FCD3A9EFA}"
EndProject
Global
	GlobalSection(SolutionConfigurationPlatforms) = preSolution
		Debug|x64 = Debug|x64
		Debug|Any CPU = Debug|Any CPU
		Debug|x86 = Debug|x86
		Release|x64 = Release|x64
		Release|Any CPU = Release|Any CPU
		Release|x86 = Release|x86
	EndGlobalSection
	GlobalSection(ProjectConfigurationPlatforms) = postSolution
		{A1B2C3D4-E5F6-7890-ABCD-EF1234567890}.Debug|x64.ActiveCfg = Debug|x64
		{A1B2C3D4-E5F6-7890-ABCD-EF1234567890}.Debug|x64.Build.0 = Debug|x64
		{A1B2C3D4-E5F6-7890-ABCD-EF1234567890}.Debug|Any CPU.ActiveCfg = Debug|Any CPU
		{A1B2C3D4-E5F6-7890-ABCD-EF1234567890}.Debug|Any CPU.Build.0 = Debug|Any CPU
		{A1B2C3D4-E5F6-7890-ABCD-EF1234567890}.Debug|x86.ActiveCfg = Debug|Any CPU
		{A1B2C3D4-E5F6-7890-ABCD-EF1234567890}.Debug|x86.Build.0 = Debug|Any CPU
		{A1B2C3D4-E5F6-7890-ABCD-EF1234567890}.Release|x64.ActiveCfg = Release|x64
		{A1B2C3D4-E5F6-7890-ABCD-EF1234567890}.Release|x64.Build.0 = Release|x64
		{A1B2C3D4-E5F6-7890-ABCD-EF1234567890}.Release|Any CPU.ActiveCfg = Release|Any CPU
		{A1B2C3D4-E5F6-7890-ABCD-EF1234567890}.Release|Any CPU.Build.0 = Release|Any CPU
		{A1B2C3D4-E5F6-7890-ABCD-EF1234567890}.Release|x86.ActiveCfg = Release|Any CPU
		{A1B2C3D4-E5F6-7890-ABCD-EF1234567890}.Release|x86.Build.0 = Release|Any CPU
		{B2C3D4E5-F6A7-8901-BCDE-F12345678901}.Debug|x64.ActiveCfg = Debug|x64
		{B2C3D4E5-F6A7-8901-BCDE-F12345678901}.Debug|x64.Build.0 = Debug|x64
		{B2C3D4E5-F6A7-8901-BCDE-F12345678901}.Debug|Any CPU.ActiveCfg = Debug|Any CPU
		{B2C3D4E5-F6A7-8901-BCDE-F12345678901}.Debug|Any CPU.Build.0 = Debug|Any CPU
		{B2C3D4E5-F6A7-8901-BCDE-F12345678901}.Debug|x86.ActiveCfg = Debug|Any CPU
		{B2C3D4E5-F6A7-8901-BCDE-F12345678901}.Debug|x86.Build.0 = Debug|Any CPU
		{B2C3D4E5-F6A7-8901-BCDE-F12345678901}.Release|x64.ActiveCfg = Release|x64
		{B2C3D4E5-F6A7-8901-BCDE-F12345678901}.Release|x64.Build.0 = Release|x64
		{B2C3D4E5-F6A7-8901-BCDE-F12345678901}.Release|Any CPU.ActiveCfg = Release|Any CPU
		{B2C3D4E5-F6A7-8901-BCDE-F12345678901}.Release|Any CPU.Build.0 = Release|Any CPU
		{B2C3D4E5-F6A7-8901-BCDE-F12345678901}.Release|x86.ActiveCfg = Release|Any CPU
		{B2C3D4E5-F6A7-8901-BCDE-F12345678901}.Release|x86.Build.0 = Release|Any CPU
		{C3D4E5F6-A7B8-9012-CDEF-123456789012}.Debug|x64.ActiveCfg = Debug|x64
		{C3D4E5F6-A7B8-9012-CDEF-123456789012}.Debug|x64.Build.0 = Debug|x64
		{C3D4E5F6-A7B8-9012-CDEF-123456789012}.Debug|Any CPU.ActiveCfg = Debug|Any CPU
		{C3D4E5F6-A7B8-9012-CDEF-123456789012}.Debug|Any CPU.Build.0 = Debug|Any CPU
		{C3D4E5F6-A7B8-9012-CDEF-123456789012}.Debug|x86.ActiveCfg = Debug|Any CPU
		{C3D4E5F6-A7B8-9012-CDEF-123456789012}.Debug|x86.Build.0 = Debug|Any CPU
		{C3D4E5F6-A7B8-9012-CDEF-123456789012}.Release|x64.ActiveCfg = Release|x64
		{C3D4E5F6-A7B8-9012-CDEF-123456789012}.Release|x64.Build.0 = Release|x64
		{C3D4E5F6-A7B8-9012-CDEF-123456789012}.Release|Any CPU.ActiveCfg = Release|Any CPU
		{C3D4E5F6-A7B8-9012-CDEF-123456789012}.Release|Any CPU.Build.0 = Release|Any CPU
		{C3D4E5F6-A7B8-9012-CDEF-123456789012}.Release|x86.ActiveCfg = Release|Any CPU
		{C3D4E5F6-A7B8-9012-CDEF-123456789012}.Release|x86.Build.0 = Release|Any CPU
		{5906A74E-D070-41C3-9CD6-986A4E98F8D1}.Debug|x64.ActiveCfg = Debug|Any CPU
		{5906A74E-D070-41C3-9CD6-986A4E98F8D1}.Debug|x64.Build.0 = Debug|Any CPU
		{5906A74E-D070-41C3-9CD6-986A4E98F8D1}.Debug|Any CPU.ActiveCfg = Debug|Any CPU
		{5906A74E-D070-41C3-9CD6-986A4E98F8D1}.Debug|Any CPU.Build.0 = Debug|Any CPU
		{5906A74E-D070-41C3-9CD6-986A4E98F8D1}.Debug|x86.ActiveCfg = Debug|Any CPU
		{5906A74E-D070-41C3-9CD6-986A4E98F8D1}.Debug|x86.Build.0 = Debug|Any CPU
		{5906A74E-D070-41C3-9CD6-986A4E98F8D1}.Release|x64.ActiveCfg = Release|Any CPU
		{5906A74E-D070-41C3-9CD6-986A4E98F8D1}.Release|x64.Build.0 = Release|Any CPU
		{5906A74E-D070-41C3-9CD6-986A4E98F8D1}.Release|Any CPU.ActiveCfg = Release|Any CPU
		{5906A74E-D070-41C3-9CD6-986A4E98F8D1}.Release|Any CPU.Build.0 = Release|Any CPU
		{5906A74E-D070-41C3-9CD6-986A4E98F8D1}.Release|x86.ActiveCfg = Release|Any CPU
		{5906A74E-D070-41C3-9CD6-986A4E98F8D1}.Release|x86.Build.0 = Release|Any CPU
		{1CC69299-C13F-488E-A0A3-665BA40293EB}.Debug|x64.ActiveCfg = Debug|Any CPU
		{1CC69299-C13F-488E-A0A3-665BA40293EB}.Debug|x64.Build.0 = Debug|Any CPU
		{1CC69299-C13F-488E-A0A3-665BA40293EB}.Debug|Any CPU.ActiveCfg = Debug|Any CPU
		{1CC69299-C13F-488E-A0A3-665BA40293EB}.Debug|Any CPU.Build.0 = Debug|Any CPU
		{1CC69299-C13F-488E-A0A3-665BA40293EB}.Debug|x86.ActiveCfg = Debug|Any CPU
		{1CC69299-C13F-488E-A0A3-665BA40293EB}.Debug|x86.Build.0 = Debug|Any CPU
		{1CC69299-C13F-488E-A0A3-665BA40293EB}.Release|x64.ActiveCfg = Release|Any CPU
		{1CC69299-C13F-488E-A0A3-665BA40293EB}.Release|x64.Build.0 = Release|Any CPU
		{1CC69299-C13F-488E-A0A3-665BA40293EB}.Release|Any CPU.ActiveCfg = Release|Any CPU
		{1CC69299-C13F-488E-A0A3-665BA40293EB}.Release|Any CPU.Build.0 = Release|Any CPU
		{1CC69299-C13F-488E-A0A3-665BA40293EB}.Release|x86.ActiveCfg = Release|Any CPU
		{1CC69299-C13F-488E-A0A3-665BA40293EB}.Release|x86.Build.0 = Release|Any CPU
		{0267A71A-A87F-425A-B1E8-078649868808}.Debug|x64.ActiveCfg = Debug|Any CPU
		{0267A71A-A87F-425A-B1E8-078649868808}.Debug|x64.Build.0 = Debug|Any CPU
		{0267A71A-A87F-425A-B1E8-078649868808}.Debug|Any CPU.ActiveCfg = Debug|Any CPU
		{0267A71A-A87F-425A-B1E8-078649868808}.Debug|Any CPU.Build.0 = Debug|Any CPU
		{0267A71A-A87F-425A-B1E8-078649868808}.Debug|x86.ActiveCfg = Debug|Any CPU
		{0267A71A-A87F-425A-B1E8-078649868808}.Debug|x86.Build.0 = Debug|Any CPU
		{0267A71A-A87F-425A-B1E8-078649868808}.Release|x64.ActiveCfg = Release|Any CPU
		{0267A71A-A87F-425A-B1E8-078649868808}.Release|x64.Build.0 = Release|Any CPU
		{0267A71A-A87F-425A-B1E8-078649868808}.Release|Any CPU.ActiveCfg = Release|Any CPU
		{0267A71A-A87F-425A-B1E8-078649868808}.Release|Any CPU.Build.0 = Release|Any CPU
		{0267A71A-A87F-425A-B1E8-078649868808}.Release|x86.ActiveCfg = Release|Any CPU
		{0267A71A-A87F-425A-B1E8-078649868808}.Release|x86.Build.0 = Release|Any CPU
		{89C71B72-35E9-431D-93D5-08B744622108}.Debug|x64.ActiveCfg = Debug|Any CPU
		{89C71B72-35E9-431D-93D5-08B744622108}.Debug|x64.Build.0 = Debug|Any CPU
		{89C71B72-35E9-431D-93D5-08B744622108}.Debug|Any CPU.ActiveCfg = Debug|Any CPU
		{89C71B72-35E9-431D-93D5-08B744622108}.Debug|Any CPU.Build.0 = Debug|Any CPU
		{89C71B72-35E9-431D-93D5-08B744622108}.Debug|x86.ActiveCfg = Debug|Any CPU
		{89C71B72-35E9-431D-93D5-08B744622108}.Debug|x86.Build.0 = Debug|Any CPU
		{89C71B72-35E9-431D-93D5-08B744622108}.Release|x64.ActiveCfg = Release|Any CPU
		{89C71B72-35E9-431D-93D5-08B744622108}.Release|x64.Build.0 = Release|Any CPU
		{89C71B72-35E9-431D-93D5-08B744622108}.Release|Any CPU.ActiveCfg = Release|Any CPU
		{89C71B72-35E9-431D-93D5-08B744622108}.Release|Any CPU.Build.0 = Release|Any CPU
		{89C71B72-35E9-431D-93D5-08B744622108}.Release|x86.ActiveCfg = Release|Any CPU
		{89C71B72-35E9-431D-93D5-08B744622108}.Release|x86.Build.0 = Release|Any CPU
		{DD788367-EDFB-4EBD-B9C9-36540DF1663C}.Debug|x64.ActiveCfg = Debug|Any CPU
		{DD788367-EDFB-4EBD-B9C9-36540DF1663C}.Debug|x64.Build.0 = Debug|Any CPU
		{DD788367-EDFB-4EBD-B9C9-36540DF1663C}.Debug|Any CPU.ActiveCfg = Debug|Any CPU
		{DD788367-EDFB-4EBD-B9C9-36540DF1663C}.Debug|Any CPU.Build.0 = Debug|Any CPU
		{DD788367-EDFB-4EBD-B9C9-36540DF1663C}.Debug|x86.ActiveCfg = Debug|Any CPU
		{DD788367-EDFB-4EBD-B9C9-36540DF1663C}.Debug|x86.Build.0 = Debug|Any CPU
		{DD788367-EDFB-4EBD-B9C9-36540DF1663C}.Release|x64.ActiveCfg = Release|Any CPU
		{DD788367-EDFB-4EBD-B9C9-36540DF1663C}.Release|x64.Build.0 = Release|Any CPU
		{DD788367-EDFB-4EBD-B9C9-36540DF1663C}.Release|Any CPU.ActiveCfg = Release|Any CPU
		{DD788367-EDFB-4EBD-B9C9-36540DF1663C}.Release|Any CPU.Build.0 = Release|Any CPU
		{DD788367-EDFB-4EBD-B9C9-36540DF1663C}.Release|x86.ActiveCfg = Release|Any CPU
		{DD788367-EDFB-4EBD-B9C9-36540DF1663C}.Release|x86.Build.0 = Release|Any CPU
		{8A19A2B1-892A-4DA8-A52A-83862BEAA207}.Debug|x64.ActiveCfg = Debug|Any CPU
		{8A19A2B1-892A-4DA8-A52A-83862BEAA207}.Debug|x64.Build.0 = Debug|Any CPU
		{8A19A2B1-892A-4DA8-A52A-83862BEAA207}.Debug|Any CPU.ActiveCfg = Debug|Any CPU
		{8A19A2B1-892A-4DA8-A52A-83862BEAA207}.Debug|Any CPU.Build.0 = Debug|Any CPU
		{8A19A2B1-892A-4DA8-A52A-83862BEAA207}.Debug|x86.ActiveCfg = Debug|Any CPU
		{8A19A2B1-892A-4DA8-A52A-83862BEAA207}.Debug|x86.Build.0 = Debug|Any CPU
		{8A19A2B1-892A-4DA8-A52A-83862BEAA207}.Release|x64.ActiveCfg = Release|Any CPU
		{8A19A2B1-892A-4DA8-A52A-83862BEAA207}.Release|x64.Build.0 = Release|Any CPU
		{8A19A2B1-892A-4DA8-A52A-83862BEAA207}.Release|Any CPU.ActiveCfg = Release|Any CPU
		{8A19A2B1-892A-4DA8-A52A-83862BEAA207}.Release|Any CPU.Build.0 = Release|Any CPU
		{8A19A2B1-892A-4DA8-A52A-83862BEAA207}.Release|x86.ActiveCfg = Release|Any CPU
		{8A19A2B1-892A-4DA8-A52A-83862BEAA207}.Release|x86.Build.0 = Release|Any CPU
		{4952659F-4E9C-4FA6-8997-7616A8F2DC57}.Debug|x64.ActiveCfg = Debug|x64
		{4952659F-4E9C-4FA6-8997-7616A8F2DC57}.Debug|x64.Build.0 = Debug|x64
		{4952659F-4E9C-4FA6-8997-7616A8F2DC57}.Debug|Any CPU.ActiveCfg = Debug|x64
		{4952659F-4E9C-4FA6-8997-7616A8F2DC57}.Debug|Any CPU.Build.0 = Debug|x64
		{4952659F-4E9C-4FA6-8997-7616A8F2DC57}.Debug|x86.ActiveCfg = Debug|x64
		{4952659F-4E9C-4FA6-8997-7616A8F2DC57}.Debug|x86.Build.0 = Debug|x64
		{4952659F-4E9C-4FA6-8997-7616A8F2DC57}.Release|x64.ActiveCfg = Release|x64
		{4952659F-4E9C-4FA6-8997-7616A8F2DC57}.Release|x64.Build.0 = Release|x64
		{4952659F-4E9C-4FA6-8997-7616A8F2DC57}.Release|Any CPU.ActiveCfg = Release|x64
		{4952659F-4E9C-4FA6-8997-7616A8F2DC57}.Release|Any CPU.Build.0 = Release|x64
		{4952659F-4E9C-4FA6-8997-7616A8F2DC57}.Release|x86.ActiveCfg = Release|x64
		{4952659F-4E9C-4FA6-8997-7616A8F2DC57}.Release|x86.Build.0 = Release|x64
		{37E6B7A2-B770-4780-9E53-4BEBE4D5B3FC}.Debug|x64.ActiveCfg = Debug|x64
		{37E6B7A2-B770-4780-9E53-4BEBE4D5B3FC}.Debug|x64.Build.0 = Debug|x64
		{37E6B7A2-B770-4780-9E53-4BEBE4D5B3FC}.Debug|Any CPU.ActiveCfg = Debug|x64
		{37E6B7A2-B770-4780-9E53-4BEBE4D5B3FC}.Debug|Any CPU.Build.0 = Debug|x64
		{37E6B7A2-B770-4780-9E53-4BEBE4D5B3FC}.Debug|x86.ActiveCfg = Debug|x64
		{37E6B7A2-B770-4780-9E53-4BEBE4D5B3FC}.Debug|x86.Build.0 = Debug|x64
		{37E6B7A2-B770-4780-9E53-4BEBE4D5B3FC}.Release|x64.ActiveCfg = Release|x64
		{37E6B7A2-B770-4780-9E53-4BEBE4D5B3FC}.Release|x64.Build.0 = Release|x64
		{37E6B7A2-B770-4780-9E53-4BEBE4D5B3FC}.Release|Any CPU.ActiveCfg = Release|x64
		{37E6B7A2-B770-4780-9E53-4BEBE4D5B3FC}.Release|Any CPU.Build.0 = Release|x64
		{37E6B7A2-B770-4780-9E53-4BEBE4D5B3FC}.Release|x86.ActiveCfg = Release|x64
		{37E6B7A2-B770-4780-9E53-4BEBE4D5B3FC}.Release|x86.Build.0 = Release|x64
		{9ACDD521-096C-4872-B4D1-3028DB992BBD}.Debug|x64.ActiveCfg = Debug|Any CPU
		{9ACDD521-096C-4872-B4D1-3028DB992BBD}.Debug|x64.Build.0 = Debug|Any CPU
		{9ACDD521-096C-4872-B4D1-3028DB992BBD}.Debug|Any CPU.ActiveCfg = Debug|Any CPU
		{9ACDD521-096C-4872-B4D1-3028DB992BBD}.Debug|Any CPU.Build.0 = Debug|Any CPU
		{9ACDD521-096C-4872-B4D1-3028DB992BBD}.Debug|x86.ActiveCfg = Debug|Any CPU
		{9ACDD521-096C-4872-B4D1-3028DB992BBD}.Debug|x86.Build.0 = Debug|Any CPU
		{9ACDD521-096C-4872-B4D1-3028DB992BBD}.Release|x64.ActiveCfg = Release|Any CPU
		{9ACDD521-096C-4872-B4D1-3028DB992BBD}.Release|x64.Build.0 = Release|Any CPU
		{9ACDD521-096C-4872-B4D1-3028DB992BBD}.Release|Any CPU.ActiveCfg = Release|Any CPU
		{9ACDD521-096C-4872-B4D1-3028DB992BBD}.Release|Any CPU.Build.0 = Release|Any CPU
		{9ACDD521-096C-4872-B4D1-3028DB992BBD}.Release|x86.ActiveCfg = Release|Any CPU
		{9ACDD521-096C-4872-B4D1-3028DB992BBD}.Release|x86.Build.0 = Release|Any CPU
		{5A374669-D857-4D74-993D-026088D9556E}.Debug|x64.ActiveCfg = Debug|Any CPU
		{5A374669-D857-4D74-993D-026088D9556E}.Debug|x64.Build.0 = Debug|Any CPU
		{5A374669-D857-4D74-993D-026088D9556E}.Debug|Any CPU.ActiveCfg = Debug|Any CPU
		{5A374669-D857-4D74-993D-026088D9556E}.Debug|Any CPU.Build.0 = Debug|Any CPU
		{5A374669-D857-4D74-993D-026088D9556E}.Debug|x86.ActiveCfg = Debug|Any CPU
		{5A374669-D857-4D74-993D-026088D9556E}.Debug|x86.Build.0 = Debug|Any CPU
		{5A374669-D857-4D74-993D-026088D9556E}.Release|x64.ActiveCfg = Release|Any CPU
		{5A374669-D857-4D74-993D-026088D9556E}.Release|x64.Build.0 = Release|Any CPU
		{5A374669-D857-4D74-993D-026088D9556E}.Release|Any CPU.ActiveCfg = Release|Any CPU
		{5A374669-D857-4D74-993D-026088D9556E}.Release|Any CPU.Build.0 = Release|Any CPU
		{5A374669-D857-4D74-993D-026088D9556E}.Release|x86.ActiveCfg = Release|Any CPU
		{5A374669-D857-4D74-993D-026088D9556E}.Release|x86.Build.0 = Release|Any CPU
		{21C193B9-57FE-47CB-A9BA-462856BD6405}.Debug|x64.ActiveCfg = Debug|Any CPU
		{21C193B9-57FE-47CB-A9BA-462856BD6405}.Debug|x64.Build.0 = Debug|Any CPU
		{21C193B9-57FE-47CB-A9BA-462856BD6405}.Debug|Any CPU.ActiveCfg = Debug|Any CPU
		{21C193B9-57FE-47CB-A9BA-462856BD6405}.Debug|Any CPU.Build.0 = Debug|Any CPU
		{21C193B9-57FE-47CB-A9BA-462856BD6405}.Debug|x86.ActiveCfg = Debug|Any CPU
		{21C193B9-57FE-47CB-A9BA-462856BD6405}.Debug|x86.Build.0 = Debug|Any CPU
		{21C193B9-57FE-47CB-A9BA-462856BD6405}.Release|x64.ActiveCfg = Release|Any CPU
		{21C193B9-57FE-47CB-A9BA-462856BD6405}.Release|x64.Build.0 = Release|Any CPU
		{21C193B9-57FE-47CB-A9BA-462856BD6405}.Release|Any CPU.ActiveCfg = Release|Any CPU
		{21C193B9-57FE-47CB-A9BA-462856BD6405}.Release|Any CPU.Build.0 = Release|Any CPU
		{21C193B9-57FE-47CB-A9BA-462856BD6405}.Release|x86.ActiveCfg = Release|Any CPU
		{21C193B9-57FE-47CB-A9BA-462856BD6405}.Release|x86.Build.0 = Release|Any CPU
		{2E642283-3D8B-4450-B815-0D3492F990E8}.Debug|x64.ActiveCfg = Debug|Any CPU
		{2E642283-3D8B-4450-B815-0D3492F990E8}.Debug|x64.Build.0 = Debug|Any CPU
		{2E642283-3D8B-4450-B815-0D3492F990E8}.Debug|Any CPU.ActiveCfg = Debug|Any CPU
		{2E642283-3D8B-4450-B815-0D3492F990E8}.Debug|Any CPU.Build.0 = Debug|Any CPU
		{2E642283-3D8B-4450-B815-0D3492F990E8}.Debug|x86.ActiveCfg = Debug|Any CPU
		{2E642283-3D8B-4450-B815-0D3492F990E8}.Debug|x86.Build.0 = Debug|Any CPU
		{2E642283-3D8B-4450-B815-0D3492F990E8}.Release|x64.ActiveCfg = Release|Any CPU
		{2E642283-3D8B-4450-B815-0D3492F990E8}.Release|x64.Build.0 = Release|Any CPU
		{2E642283-3D8B-4450-B815-0D3492F990E8}.Release|Any CPU.ActiveCfg = Release|Any CPU
		{2E642283-3D8B-4450-B815-0D3492F990E8}.Release|Any CPU.Build.0 = Release|Any CPU
		{2E642283-3D8B-4450-B815-0D3492F990E8}.Release|x86.ActiveCfg = Release|Any CPU
		{2E642283-3D8B-4450-B815-0D3492F990E8}.Release|x86.Build.0 = Release|Any CPU
		{E2DA81A6-F0F1-47B0-B482-589ABAE8FAFF}.Debug|x64.ActiveCfg = Debug|x64
		{E2DA81A6-F0F1-47B0-B482-589ABAE8FAFF}.Debug|x64.Build.0 = Debug|x64
		{E2DA81A6-F0F1-47B0-B482-589ABAE8FAFF}.Debug|Any CPU.ActiveCfg = Debug|x64
		{E2DA81A6-F0F1-47B0-B482-589ABAE8FAFF}.Debug|Any CPU.Build.0 = Debug|x64
		{E2DA81A6-F0F1-47B0-B482-589ABAE8FAFF}.Debug|x86.ActiveCfg = Debug|x64
		{E2DA81A6-F0F1-47B0-B482-589ABAE8FAFF}.Debug|x86.Build.0 = Debug|x64
		{E2DA81A6-F0F1-47B0-B482-589ABAE8FAFF}.Release|x64.ActiveCfg = Release|x64
		{E2DA81A6-F0F1-47B0-B482-589ABAE8FAFF}.Release|x64.Build.0 = Release|x64
		{E2DA81A6-F0F1-47B0-B482-589ABAE8FAFF}.Release|Any CPU.ActiveCfg = Release|x64
		{E2DA81A6-F0F1-47B0-B482-589ABAE8FAFF}.Release|Any CPU.Build.0 = Release|x64
		{E2DA81A6-F0F1-47B0-B482-589ABAE8FAFF}.Release|x86.ActiveCfg = Release|x64
		{E2DA81A6-F0F1-47B0-B482-589ABAE8FAFF}.Release|x86.Build.0 = Release|x64
		{1F3FA63A-B180-40BB-9433-5075EB55E9B0}.Debug|x64.ActiveCfg = Debug|x64
		{1F3FA63A-B180-40BB-9433-5075EB55E9B0}.Debug|x64.Build.0 = Debug|x64
		{1F3FA63A-B180-40BB-9433-5075EB55E9B0}.Debug|Any CPU.ActiveCfg = Debug|x64
		{1F3FA63A-B180-40BB-9433-5075EB55E9B0}.Debug|Any CPU.Build.0 = Debug|x64
		{1F3FA63A-B180-40BB-9433-5075EB55E9B0}.Debug|x86.ActiveCfg = Debug|x64
		{1F3FA63A-B180-40BB-9433-5075EB55E9B0}.Debug|x86.Build.0 = Debug|x64
		{1F3FA63A-B180-40BB-9433-5075EB55E9B0}.Release|x64.ActiveCfg = Release|x64
		{1F3FA63A-B180-40BB-9433-5075EB55E9B0}.Release|x64.Build.0 = Release|x64
		{1F3FA63A-B180-40BB-9433-5075EB55E9B0}.Release|Any CPU.ActiveCfg = Release|x64
		{1F3FA63A-B180-40BB-9433-5075EB55E9B0}.Release|Any CPU.Build.0 = Release|x64
		{1F3FA63A-B180-40BB-9433-5075EB55E9B0}.Release|x86.ActiveCfg = Release|x64
		{1F3FA63A-B180-40BB-9433-5075EB55E9B0}.Release|x86.Build.0 = Release|x64
		{CBFECB70-3450-4704-96CC-089A629CC8FD}.Debug|x64.ActiveCfg = Debug|x64
		{CBFECB70-3450-4704-96CC-089A629CC8FD}.Debug|x64.Build.0 = Debug|x64
		{CBFECB70-3450-4704-96CC-089A629CC8FD}.Debug|Any CPU.ActiveCfg = Debug|x64
		{CBFECB70-3450-4704-96CC-089A629CC8FD}.Debug|Any CPU.Build.0 = Debug|x64
		{CBFECB70-3450-4704-96CC-089A629CC8FD}.Debug|x86.ActiveCfg = Debug|x64
		{CBFECB70-3450-4704-96CC-089A629CC8FD}.Debug|x86.Build.0 = Debug|x64
		{CBFECB70-3450-4704-96CC-089A629CC8FD}.Release|x64.ActiveCfg = Release|x64
		{CBFECB70-3450-4704-96CC-089A629CC8FD}.Release|x64.Build.0 = Release|x64
		{CBFECB70-3450-4704-96CC-089A629CC8FD}.Release|Any CPU.ActiveCfg = Release|x64
		{CBFECB70-3450-4704-96CC-089A629CC8FD}.Release|Any CPU.Build.0 = Release|x64
		{CBFECB70-3450-4704-96CC-089A629CC8FD}.Release|x86.ActiveCfg = Release|x64
		{CBFECB70-3450-4704-96CC-089A629CC8FD}.Release|x86.Build.0 = Release|x64
		{B6191AB4-259E-4BDE-AF3F-1C8FCD3A9EFA}.Debug|x64.ActiveCfg = Debug|x64
		{B6191AB4-259E-4BDE-AF3F-1C8FCD3A9EFA}.Debug|x64.Build.0 = Debug|x64
		{B6191AB4-259E-4BDE-AF3F-1C8FCD3A9EFA}.Debug|Any CPU.ActiveCfg = Debug|x64
		{B6191AB4-259E-4BDE-AF3F-1C8FCD3A9EFA}.Debug|Any CPU.Build.0 = Debug|x64
		{B6191AB4-259E-4BDE-AF3F-1C8FCD3A9EFA}.Debug|x86.ActiveCfg = Debug|x64
		{B6191AB4-259E-4BDE-AF3F-1C8FCD3A9EFA}.Debug|x86.Build.0 = Debug|x64
		{B6191AB4-259E-4BDE-AF3F-1C8FCD3A9EFA}.Release|x64.ActiveCfg = Release|x64
		{B6191AB4-259E-4BDE-AF3F-1C8FCD3A9EFA}.Release|x64.Build.0 = Release|x64
		{B6191AB4-259E-4BDE-AF3F-1C8FCD3A9EFA}.Release|Any CPU.ActiveCfg = Release|x64
		{B6191AB4-259E-4BDE-AF3F-1C8FCD3A9EFA}.Release|Any CPU.Build.0 = Release|x64
		{B6191AB4-259E-4BDE-AF3F-1C8FCD3A9EFA}.Release|x86.ActiveCfg = Release|x64
		{B6191AB4-259E-4BDE-AF3F-1C8FCD3A9EFA}.Release|x86.Build.0 = Release|x64
	EndGlobalSection
	GlobalSection(SolutionProperties) = preSolution
		HideSolutionNode = FALSE
	EndGlobalSection
	GlobalSection(NestedProjects) = preSolution
		{C171D19F-4C06-939F-1168-8C486A4E9EC6} = {CA253913-39DE-BFD0-C9A3-4B7EC6FBDF17}
		{1F3FA63A-B180-40BB-9433-5075EB55E9B0} = {C171D19F-4C06-939F-1168-8C486A4E9EC6}
		{7FED5378-94F8-A3FA-03EB-E97284551859} = {CA253913-39DE-BFD0-C9A3-4B7EC6FBDF17}
		{CBFECB70-3450-4704-96CC-089A629CC8FD} = {7FED5378-94F8-A3FA-03EB-E97284551859}
		{722B1423-5C11-AC9A-E8E3-57B0490EF0C9} = {CA253913-39DE-BFD0-C9A3-4B7EC6FBDF17}
		{B6191AB4-259E-4BDE-AF3F-1C8FCD3A9EFA} = {722B1423-5C11-AC9A-E8E3-57B0490EF0C9}
	EndGlobalSection
EndGlobal
