
Microsoft Visual Studio Solution File, Format Version 12.00
# Visual Studio 2013
VisualStudioVersion = 12.0.40629.0
MinimumVisualStudioVersion = 10.0.40219.1
Project("{2150E333-8FDC-42A3-9474-1A3956D46DE8}") = "Server", "Server", "{A2734993-A6A4-41E1-BEDB-AF94B499D62E}"
EndProject
Project("{2150E333-8FDC-42A3-9474-1A3956D46DE8}") = "Shared", "Shared", "{785F0644-19EE-4B8C-9F6F-9912AE8FE971}"
EndProject
Project("{2150E333-8FDC-42A3-9474-1A3956D46DE8}") = "DataModel", "DataModel", "{6DB08A62-5974-4A2F-A2A6-57C19D6F463C}"
EndProject
Project("{2150E333-8FDC-42A3-9474-1A3956D46DE8}") = "DataService", "DataService", "{F267B51C-74DF-48C2-90AC-AF7E09B866B6}"
EndProject
Project("{2150E333-8FDC-42A3-9474-1A3956D46DE8}") = "MethodService", "MethodService", "{B889CA1B-7A43-490F-942C-E13004626293}"
EndProject
Project("{2150E333-8FDC-42A3-9474-1A3956D46DE8}") = "Core", "Core", "{E3DC1233-37EC-4044-AC4E-04A7EBCEEDD0}"
EndProject
Project("{FAE04EC0-301F-11D3-BF4B-00C04F79EFBC}") = "TIG.TotalLink.Server.Core", "Server\Core\TIG.TotalLink.Server.Core\TIG.TotalLink.Server.Core.csproj", "{146F5543-8C50-4414-B181-7BCDDB539285}"
EndProject
Project("{FAE04EC0-301F-11D3-BF4B-00C04F79EFBC}") = "TIG.TotalLink.Server.DataService.Global", "Server\DataService\TIG.TotalLink.Server.DataService.Global\TIG.TotalLink.Server.DataService.Global.csproj", "{21947A63-4ACC-44CC-87F4-42DC00479FFA}"
EndProject
Project("{2150E333-8FDC-42A3-9474-1A3956D46DE8}") = "Core", "Core", "{DF0921E9-9B93-4F4F-8DF7-5E314239E933}"
EndProject
Project("{FAE04EC0-301F-11D3-BF4B-00C04F79EFBC}") = "TIG.TotalLink.Shared.DataModel.Core", "Shared\Core\TIG.TotalLink.Shared.DataModel.Core\TIG.TotalLink.Shared.DataModel.Core.csproj", "{FB358652-45F1-4410-99DA-19D72833DCD6}"
EndProject
Project("{2150E333-8FDC-42A3-9474-1A3956D46DE8}") = "Facade", "Facade", "{A95D9F0D-5F0F-4A3A-9367-5EB716B736F9}"
EndProject
Project("{FAE04EC0-301F-11D3-BF4B-00C04F79EFBC}") = "TIG.TotalLink.Shared.Facade.Core", "Shared\Core\TIG.TotalLink.Shared.Facade.Core\TIG.TotalLink.Shared.Facade.Core.csproj", "{629AE438-FB3F-4E91-895D-3B3F4D3F2896}"
EndProject
Project("{2150E333-8FDC-42A3-9474-1A3956D46DE8}") = "Host", "Host", "{F904DAAE-E53B-4BD5-95DC-0184471A55EA}"
EndProject
Project("{FAE04EC0-301F-11D3-BF4B-00C04F79EFBC}") = "DummyConsoleHost", "Server\Host\DummyConsoleHost\DummyConsoleHost.csproj", "{4A861974-D9A8-4697-9418-F7A0116FA9A9}"
EndProject
Project("{FAE04EC0-301F-11D3-BF4B-00C04F79EFBC}") = "TIG.TotalLink.Shared.Facade.Global", "Shared\Facade\TIG.TotalLink.Shared.Facade.Global\TIG.TotalLink.Shared.Facade.Global.csproj", "{DD5E8F05-5EFD-4D7B-8A41-76ADC432DA87}"
EndProject
Project("{2150E333-8FDC-42A3-9474-1A3956D46DE8}") = "Contract", "Contract", "{C34FF225-D40D-4441-AD31-40A5D6A09C2C}"
EndProject
Project("{FAE04EC0-301F-11D3-BF4B-00C04F79EFBC}") = "TIG.TotalLink.Shared.Contract.Core", "Shared\Core\TIG.TotalLink.Shared.Contract.Core\TIG.TotalLink.Shared.Contract.Core.csproj", "{66FF44D2-D1AB-4B4A-B59F-367F7AE204CC}"
EndProject
Project("{FAE04EC0-301F-11D3-BF4B-00C04F79EFBC}") = "TIG.TotalLink.Server.MethodService.Global", "Server\MethodService\TIG.TotalLink.Server.MethodService.Global\TIG.TotalLink.Server.MethodService.Global.csproj", "{24A2F243-2834-4836-A312-5DAEE18BAB89}"
EndProject
Project("{FAE04EC0-301F-11D3-BF4B-00C04F79EFBC}") = "TIG.TotalLink.Shared.Contract.Global", "Shared\Contract\TIG.TotalLink.Shared.Contract.Global\TIG.TotalLink.Shared.Contract.Global.csproj", "{1A27194B-A32C-4FE6-AC2E-FB405799258E}"
EndProject
Project("{2150E333-8FDC-42A3-9474-1A3956D46DE8}") = ".nuget", ".nuget", "{41E05FFA-7ACE-4877-A4FB-0BE80D56AA08}"
	ProjectSection(SolutionItems) = preProject
		.nuget\NuGet.Config = .nuget\NuGet.Config
		.nuget\NuGet.exe = .nuget\NuGet.exe
		.nuget\NuGet.targets = .nuget\NuGet.targets
	EndProjectSection
EndProject
Project("{FAE04EC0-301F-11D3-BF4B-00C04F79EFBC}") = "TIG.TotalLink.Server.DataService.Main", "Server\DataService\TIG.TotalLink.Server.DataService.Main\TIG.TotalLink.Server.DataService.Main.csproj", "{BAC378AB-AED9-4677-9279-B80770A500E4}"
EndProject
Project("{FAE04EC0-301F-11D3-BF4B-00C04F79EFBC}") = "TIG.TotalLink.Shared.Facade.Admin", "Shared\Facade\TIG.TotalLink.Shared.Facade.Admin\TIG.TotalLink.Shared.Facade.Admin.csproj", "{71B72AF6-3A35-4AAD-B75A-50D117E031CA}"
EndProject
Project("{FAE04EC0-301F-11D3-BF4B-00C04F79EFBC}") = "TIG.TotalLink.Shared.DataModel.Admin", "Shared\DataModel\TIG.TotalLink.Shared.DataModel.Admin\TIG.TotalLink.Shared.DataModel.Admin.csproj", "{678FB5BB-CCEB-454F-B9BC-3A19892B3F68}"
EndProject
Project("{FAE04EC0-301F-11D3-BF4B-00C04F79EFBC}") = "TIG.TotalLink.Shared.DataModel.Global", "Shared\DataModel\TIG.TotalLink.Shared.DataModel.Global\TIG.TotalLink.Shared.DataModel.Global.csproj", "{1220D104-9223-4A95-8EAD-0CF1FC41CBE3}"
EndProject
Project("{FAE04EC0-301F-11D3-BF4B-00C04F79EFBC}") = "TIG.TotalLink.Shared.DataModel.Test", "Shared\DataModel\TIG.TotalLink.Shared.DataModel.Test\TIG.TotalLink.Shared.DataModel.Test.csproj", "{E807AEB3-10F4-497C-BC43-3B15B1487E3F}"
EndProject
Project("{FAE04EC0-301F-11D3-BF4B-00C04F79EFBC}") = "TIG.TotalLink.Shared.Facade.Test", "Shared\Facade\TIG.TotalLink.Shared.Facade.Test\TIG.TotalLink.Shared.Facade.Test.csproj", "{2B202BCB-7B64-4CC6-8321-1C1E09A742E6}"
EndProject
Project("{FAE04EC0-301F-11D3-BF4B-00C04F79EFBC}") = "TIG.TotalLink.Server.DataService.ActiveDirectory", "Server\DataService\TIG.TotalLink.Server.DataService.ActiveDirectory\TIG.TotalLink.Server.DataService.ActiveDirectory.csproj", "{1BC2AE4E-81A2-4647-BB95-C872984F5C4F}"
EndProject
Project("{FAE04EC0-301F-11D3-BF4B-00C04F79EFBC}") = "TIG.TotalLink.Shared.Facade.ActiveDirectory", "Shared\Facade\TIG.TotalLink.Shared.Facade.ActiveDirectory\TIG.TotalLink.Shared.Facade.ActiveDirectory.csproj", "{DC6F9E60-CF7E-41F2-BF5D-F2CC40C884E3}"
EndProject
Project("{FAE04EC0-301F-11D3-BF4B-00C04F79EFBC}") = "TIG.TotalLink.Shared.DataModel.ActiveDirectory", "Shared\DataModel\TIG.TotalLink.Shared.DataModel.ActiveDirectory\TIG.TotalLink.Shared.DataModel.ActiveDirectory.csproj", "{32227CC3-D4C4-4BC1-A54B-B8FB37BC9F46}"
EndProject
Project("{FAE04EC0-301F-11D3-BF4B-00C04F79EFBC}") = "TIG.TotalLink.Server.MethodService.Authentication", "Server\MethodService\TIG.TotalLink.Server.MethodService.Authentication\TIG.TotalLink.Server.MethodService.Authentication.csproj", "{40567FB7-6107-4E36-B4A8-042E2BF7761B}"
EndProject
Project("{FAE04EC0-301F-11D3-BF4B-00C04F79EFBC}") = "TIG.TotalLink.Shared.Contract.Authentication", "Shared\Contract\TIG.TotalLink.Shared.Contract.Authentication\TIG.TotalLink.Shared.Contract.Authentication.csproj", "{424DC105-2F88-41C3-829F-9D9B8AEA7834}"
EndProject
Project("{FAE04EC0-301F-11D3-BF4B-00C04F79EFBC}") = "TIG.TotalLink.Shared.DataModel.Task", "Shared\DataModel\TIG.TotalLink.Shared.DataModel.Task\TIG.TotalLink.Shared.DataModel.Task.csproj", "{5A4591BA-1AFF-49E6-A762-B6EEAD4E053D}"
EndProject
Project("{FAE04EC0-301F-11D3-BF4B-00C04F79EFBC}") = "TIG.TotalLink.Shared.DataModel.Crm", "Shared\DataModel\TIG.TotalLink.Shared.DataModel.Crm\TIG.TotalLink.Shared.DataModel.Crm.csproj", "{94C4E03B-0A4F-430B-9D77-3C686B6C7B6D}"
EndProject
Project("{FAE04EC0-301F-11D3-BF4B-00C04F79EFBC}") = "TIG.TotalLink.Shared.Facade.Task", "Shared\Facade\TIG.TotalLink.Shared.Facade.Task\TIG.TotalLink.Shared.Facade.Task.csproj", "{28D4FE4E-9316-4012-840E-15CE8464994D}"
EndProject
Project("{FAE04EC0-301F-11D3-BF4B-00C04F79EFBC}") = "TIG.TotalLink.Shared.Facade.Authentication", "Shared\Facade\TIG.TotalLink.Shared.Facade.Authentication\TIG.TotalLink.Shared.Facade.Authentication.csproj", "{AFCB9647-46BD-4FF2-9AD2-CE8568A903D7}"
EndProject
Project("{FAE04EC0-301F-11D3-BF4B-00C04F79EFBC}") = "TIG.TotalLink.Shared.Facade.Crm", "Shared\Facade\TIG.TotalLink.Shared.Facade.Crm\TIG.TotalLink.Shared.Facade.Crm.csproj", "{6E010AEA-317B-49C5-8F16-391474780D43}"
EndProject
Project("{FAE04EC0-301F-11D3-BF4B-00C04F79EFBC}") = "TIG.TotalLink.Shared.DataModel.Sale", "Shared\DataModel\TIG.TotalLink.Shared.DataModel.Sale\TIG.TotalLink.Shared.DataModel.Sale.csproj", "{57B93C8C-FBF7-4F43-9763-F983757D86B5}"
EndProject
Project("{FAE04EC0-301F-11D3-BF4B-00C04F79EFBC}") = "TIG.TotalLink.Shared.Facade.Sale", "Shared\Facade\TIG.TotalLink.Shared.Facade.Sale\TIG.TotalLink.Shared.Facade.Sale.csproj", "{3F102DC3-F4B5-4F96-A2CE-A8109BC434ED}"
EndProject
Project("{FAE04EC0-301F-11D3-BF4B-00C04F79EFBC}") = "TIG.TotalLink.Shared.DataModel.Inventory", "Shared\DataModel\TIG.TotalLink.Shared.DataModel.Inventory\TIG.TotalLink.Shared.DataModel.Inventory.csproj", "{4F8AFA84-C1C2-44F2-84EE-4DE70065A63F}"
EndProject
Project("{FAE04EC0-301F-11D3-BF4B-00C04F79EFBC}") = "TIG.TotalLink.Shared.DataModel.Workflow", "Shared\DataModel\TIG.TotalLink.Shared.DataModel.Workflow\TIG.TotalLink.Shared.DataModel.Workflow.csproj", "{0C1E81CA-68B3-4DD6-9921-AFCC8A860DD3}"
EndProject
Project("{FAE04EC0-301F-11D3-BF4B-00C04F79EFBC}") = "TIG.TotalLink.Shared.Facade.Inventory", "Shared\Facade\TIG.TotalLink.Shared.Facade.Inventory\TIG.TotalLink.Shared.Facade.Inventory.csproj", "{26CC0F75-DF41-4918-80E1-FB8C504CE5AF}"
EndProject
Project("{FAE04EC0-301F-11D3-BF4B-00C04F79EFBC}") = "TIG.TotalLink.Shared.Facade.Workflow", "Shared\Facade\TIG.TotalLink.Shared.Facade.Workflow\TIG.TotalLink.Shared.Facade.Workflow.csproj", "{97E56C88-299D-4FFC-9703-99D4187A4B4D}"
EndProject
Project("{2150E333-8FDC-42A3-9474-1A3956D46DE8}") = "DataAccess", "DataAccess", "{9697FA6B-14B8-4F18-99E4-380CC93060E8}"
EndProject
Project("{FAE04EC0-301F-11D3-BF4B-00C04F79EFBC}") = "TIG.TotalLink.Shared.DataModel.Repository", "Shared\DataModel\TIG.TotalLink.Shared.DataModel.Repository\TIG.TotalLink.Shared.DataModel.Repository.csproj", "{6E5845BE-CB1C-4364-B200-036BA752377A}"
EndProject
Project("{FAE04EC0-301F-11D3-BF4B-00C04F79EFBC}") = "TIG.TotalLink.Shared.DataModel.RepositoryStore", "Shared\DataModel\TIG.TotalLink.Shared.DataModel.RepositoryStore\TIG.TotalLink.Shared.DataModel.RepositoryStore.csproj", "{4CA932E5-1A0F-4C67-9FB9-61EA207A8D60}"
EndProject
Project("{FAE04EC0-301F-11D3-BF4B-00C04F79EFBC}") = "TIG.TotalLink.Server.MethodService.Repository", "Server\MethodService\TIG.TotalLink.Server.MethodService.Repository\TIG.TotalLink.Server.MethodService.Repository.csproj", "{6F497210-A175-41E1-8532-9639A2958019}"
EndProject
Project("{FAE04EC0-301F-11D3-BF4B-00C04F79EFBC}") = "TIG.TotalLink.Shared.Facade.Repository", "Shared\Facade\TIG.TotalLink.Shared.Facade.Repository\TIG.TotalLink.Shared.Facade.Repository.csproj", "{E01285A0-93B9-4E1C-B3C8-035EDDED24F4}"
EndProject
Project("{FAE04EC0-301F-11D3-BF4B-00C04F79EFBC}") = "TIG.TotalLink.Shared.Contract.Repository", "Shared\Contract\TIG.TotalLink.Shared.Contract.Repository\TIG.TotalLink.Shared.Contract.Repository.csproj", "{41AE9A5D-A2F4-4C64-8636-88EA4F70E36D}"
EndProject
Project("{FAE04EC0-301F-11D3-BF4B-00C04F79EFBC}") = "TIG.TotalLink.Server.DataService.Repository", "Server\DataService\TIG.TotalLink.Server.DataService.Repository\TIG.TotalLink.Server.DataService.Repository.csproj", "{5B88B89C-FD06-4105-8E0E-D4DE9F663D8F}"
EndProject
Project("{FAE04EC0-301F-11D3-BF4B-00C04F79EFBC}") = "TIG.TotalLink.Shared.DataModel.Integration", "Shared\DataModel\TIG.TotalLink.Shared.DataModel.Integration\TIG.TotalLink.Shared.DataModel.Integration.csproj", "{17F6E5C4-6885-45C5-A1AF-BADD53940D48}"
EndProject
Project("{FAE04EC0-301F-11D3-BF4B-00C04F79EFBC}") = "TIG.TotalLink.Shared.Facade.Integration", "Shared\Facade\TIG.TotalLink.Shared.Facade.Integration\TIG.TotalLink.Shared.Facade.Integration.csproj", "{8C64DE66-A6CC-4EA8-A94B-71B8F7E02A28}"
EndProject
Project("{FAE04EC0-301F-11D3-BF4B-00C04F79EFBC}") = "TIG.TotalLink.Shared.DataModel.Purchasing", "Shared\DataModel\TIG.TotalLink.Shared.DataModel.Purchasing\TIG.TotalLink.Shared.DataModel.Purchasing.csproj", "{91AA6D14-173C-4814-9909-E4FDB2C27DE4}"
EndProject
Project("{FAE04EC0-301F-11D3-BF4B-00C04F79EFBC}") = "TIG.TotalLink.Shared.Facade.Purchasing", "Shared\Facade\TIG.TotalLink.Shared.Facade.Purchasing\TIG.TotalLink.Shared.Facade.Purchasing.csproj", "{7EB53B3B-04B7-4AAC-8274-724417B80D7D}"
EndProject
Project("{FAE04EC0-301F-11D3-BF4B-00C04F79EFBC}") = "TIG.TotalLink.Server.DataAccess.Repository", "Server\DataAccess\TIG.TotalLink.Server.DataAccess.Repository\TIG.TotalLink.Server.DataAccess.Repository.csproj", "{EB5B412B-668A-40C6-8614-28B85FF44797}"
EndProject
Project("{FAE04EC0-301F-11D3-BF4B-00C04F79EFBC}") = "TIG.TotalLink.Shared.Contract.Inventory", "Shared\Contract\TIG.TotalLink.Shared.Contract.Inventory\TIG.TotalLink.Shared.Contract.Inventory.csproj", "{25294B0F-3CCC-49DF-A06F-9642BCAC6D5C}"
EndProject
Project("{FAE04EC0-301F-11D3-BF4B-00C04F79EFBC}") = "TIG.TotalLink.Server.MethodService.Inventory", "Server\MethodService\TIG.TotalLink.Server.MethodService.Inventory\TIG.TotalLink.Server.MethodService.Inventory.csproj", "{BF0272C1-A46F-4A7C-8E61-9B78346BB064}"
EndProject
Project("{FAE04EC0-301F-11D3-BF4B-00C04F79EFBC}") = "TIG.TotalLink.Shared.Xpo.Core", "Shared\Core\TIG.TotalLink.Shared.Xpo.Core\TIG.TotalLink.Shared.Xpo.Core.csproj", "{ACF21CF4-AB60-4A12-B41E-31DF6470FFE4}"
EndProject
Project("{FAE04EC0-301F-11D3-BF4B-00C04F79EFBC}") = "TIG.TotalLink.Shared.Contract.Admin", "Shared\Contract\TIG.TotalLink.Shared.Contract.Admin\TIG.TotalLink.Shared.Contract.Admin.csproj", "{77A44C6C-15E7-48B1-9954-0B158E407F0E}"
EndProject
Project("{FAE04EC0-301F-11D3-BF4B-00C04F79EFBC}") = "TIG.TotalLink.Server.MethodService.Admin", "Server\MethodService\TIG.TotalLink.Server.MethodService.Admin\TIG.TotalLink.Server.MethodService.Admin.csproj", "{09400B1D-F76E-4C19-B338-6AA2999F6C88}"
EndProject
Project("{FAE04EC0-301F-11D3-BF4B-00C04F79EFBC}") = "TIG.TotalLink.Shared.Contract.Sale", "Shared\Contract\TIG.TotalLink.Shared.Contract.Sale\TIG.TotalLink.Shared.Contract.Sale.csproj", "{82E617DD-6323-4F32-B372-758FB9FA14F1}"
EndProject
Project("{FAE04EC0-301F-11D3-BF4B-00C04F79EFBC}") = "TIG.TotalLink.Server.MethodService.Sale", "Server\MethodService\TIG.TotalLink.Server.MethodService.Sale\TIG.TotalLink.Server.MethodService.Sale.csproj", "{6DA4E58B-BF70-4EAF-BD24-C01144BCF54B}"
EndProject
Global
	GlobalSection(TeamFoundationVersionControl) = preSolution
		SccNumberOfProjects = 50
		SccEnterpriseProvider = {4CA58AB2-18FA-4F8D-95D4-32DDF27D184C}
		SccTeamFoundationServer = http://tfs:8080/tfs/tig
		SccLocalPath0 = .
		SccProjectUniqueName1 = Server\\Core\\TIG.TotalLink.Server.Core\\TIG.TotalLink.Server.Core.csproj
		SccProjectTopLevelParentUniqueName1 = TIG.TotalLink.Server.sln
		SccProjectName1 = Server/Core/TIG.TotalLink.Server.Core
		SccLocalPath1 = Server\\Core\\TIG.TotalLink.Server.Core
		SccProjectUniqueName2 = Server\\DataService\\TIG.TotalLink.Server.DataService.Global\\TIG.TotalLink.Server.DataService.Global.csproj
		SccProjectTopLevelParentUniqueName2 = TIG.TotalLink.Server.sln
		SccProjectName2 = Server/DataService/TIG.TotalLink.Server.DataService.Global
		SccLocalPath2 = Server\\DataService\\TIG.TotalLink.Server.DataService.Global
		SccProjectUniqueName3 = Server\\DataService\\TIG.TotalLink.Server.DataService.Main\\TIG.TotalLink.Server.DataService.Main.csproj
		SccProjectTopLevelParentUniqueName3 = TIG.TotalLink.Server.sln
		SccProjectName3 = Server/DataService/TIG.TotalLink.Server.DataService.Main
		SccLocalPath3 = Server\\DataService\\TIG.TotalLink.Server.DataService.Main
		SccProjectUniqueName4 = Server\\Host\\DummyConsoleHost\\DummyConsoleHost.csproj
		SccProjectTopLevelParentUniqueName4 = TIG.TotalLink.Server.sln
		SccProjectName4 = Server/Host/DummyConsoleHost
		SccLocalPath4 = Server\\Host\\DummyConsoleHost
		SccProjectUniqueName5 = Server\\MethodService\\TIG.TotalLink.Server.MethodService.Global\\TIG.TotalLink.Server.MethodService.Global.csproj
		SccProjectTopLevelParentUniqueName5 = TIG.TotalLink.Server.sln
		SccProjectName5 = Server/MethodService/TIG.TotalLink.Server.MethodService.Global
		SccLocalPath5 = Server\\MethodService\\TIG.TotalLink.Server.MethodService.Global
		SccProjectUniqueName6 = Shared\\Contract\\TIG.TotalLink.Shared.Contract.Global\\TIG.TotalLink.Shared.Contract.Global.csproj
		SccProjectTopLevelParentUniqueName6 = TIG.TotalLink.Server.sln
		SccProjectName6 = Shared/Contract/TIG.TotalLink.Shared.Contract.Global
		SccLocalPath6 = Shared\\Contract\\TIG.TotalLink.Shared.Contract.Global
		SccProjectUniqueName7 = Shared\\Core\\TIG.TotalLink.Shared.Contract.Core\\TIG.TotalLink.Shared.Contract.Core.csproj
		SccProjectTopLevelParentUniqueName7 = TIG.TotalLink.Server.sln
		SccProjectName7 = Shared/Core/TIG.TotalLink.Shared.Contract.Core
		SccLocalPath7 = Shared\\Core\\TIG.TotalLink.Shared.Contract.Core
		SccProjectUniqueName8 = Shared\\Core\\TIG.TotalLink.Shared.DataModel.Core\\TIG.TotalLink.Shared.DataModel.Core.csproj
		SccProjectTopLevelParentUniqueName8 = TIG.TotalLink.Server.sln
		SccProjectName8 = Shared/Core/TIG.TotalLink.Shared.DataModel.Core
		SccLocalPath8 = Shared\\Core\\TIG.TotalLink.Shared.DataModel.Core
		SccProjectUniqueName9 = Shared\\Core\\TIG.TotalLink.Shared.Facade.Core\\TIG.TotalLink.Shared.Facade.Core.csproj
		SccProjectTopLevelParentUniqueName9 = TIG.TotalLink.Server.sln
		SccProjectName9 = Shared/Core/TIG.TotalLink.Shared.Facade.Core
		SccLocalPath9 = Shared\\Core\\TIG.TotalLink.Shared.Facade.Core
		SccProjectUniqueName10 = Shared\\DataModel\\TIG.TotalLink.Shared.DataModel.Admin\\TIG.TotalLink.Shared.DataModel.Admin.csproj
		SccProjectTopLevelParentUniqueName10 = TIG.TotalLink.Server.sln
		SccProjectName10 = Shared/DataModel/TIG.TotalLink.Shared.DataModel.Admin
		SccLocalPath10 = Shared\\DataModel\\TIG.TotalLink.Shared.DataModel.Admin
		SccProjectUniqueName11 = Shared\\DataModel\\TIG.TotalLink.Shared.DataModel.Global\\TIG.TotalLink.Shared.DataModel.Global.csproj
		SccProjectTopLevelParentUniqueName11 = TIG.TotalLink.Server.sln
		SccProjectName11 = Shared/DataModel/TIG.TotalLink.Shared.DataModel.Global
		SccLocalPath11 = Shared\\DataModel\\TIG.TotalLink.Shared.DataModel.Global
		SccProjectUniqueName12 = Shared\\DataModel\\TIG.TotalLink.Shared.DataModel.Test\\TIG.TotalLink.Shared.DataModel.Test.csproj
		SccProjectTopLevelParentUniqueName12 = TIG.TotalLink.Server.sln
		SccProjectName12 = Shared/DataModel/TIG.TotalLink.Shared.DataModel.Test
		SccLocalPath12 = Shared\\DataModel\\TIG.TotalLink.Shared.DataModel.Test
		SccProjectUniqueName13 = Shared\\Facade\\TIG.TotalLink.Shared.Facade.Admin\\TIG.TotalLink.Shared.Facade.Admin.csproj
		SccProjectTopLevelParentUniqueName13 = TIG.TotalLink.Server.sln
		SccProjectName13 = Shared/Facade/TIG.TotalLink.Shared.Facade.Admin
		SccLocalPath13 = Shared\\Facade\\TIG.TotalLink.Shared.Facade.Admin
		SccProjectUniqueName14 = Shared\\Facade\\TIG.TotalLink.Shared.Facade.Global\\TIG.TotalLink.Shared.Facade.Global.csproj
		SccProjectTopLevelParentUniqueName14 = TIG.TotalLink.Server.sln
		SccProjectName14 = Shared/Facade/TIG.TotalLink.Shared.Facade.Global
		SccLocalPath14 = Shared\\Facade\\TIG.TotalLink.Shared.Facade.Global
		SccProjectUniqueName15 = Shared\\Facade\\TIG.TotalLink.Shared.Facade.Test\\TIG.TotalLink.Shared.Facade.Test.csproj
		SccProjectTopLevelParentUniqueName15 = TIG.TotalLink.Server.sln
		SccProjectName15 = Shared/Facade/TIG.TotalLink.Shared.Facade.Test
		SccLocalPath15 = Shared\\Facade\\TIG.TotalLink.Shared.Facade.Test
		SccProjectUniqueName16 = Server\\DataService\\TIG.TotalLink.Server.DataService.ActiveDirectory\\TIG.TotalLink.Server.DataService.ActiveDirectory.csproj
		SccProjectTopLevelParentUniqueName16 = TIG.TotalLink.Server.sln
		SccProjectName16 = Server/DataService/TIG.TotalLink.Server.DataService.ActiveDirectory
		SccLocalPath16 = Server\\DataService\\TIG.TotalLink.Server.DataService.ActiveDirectory
		SccProjectUniqueName17 = Shared\\Facade\\TIG.TotalLink.Shared.Facade.ActiveDirectory\\TIG.TotalLink.Shared.Facade.ActiveDirectory.csproj
		SccProjectTopLevelParentUniqueName17 = TIG.TotalLink.Server.sln
		SccProjectName17 = Shared/Facade/TIG.TotalLink.Shared.Facade.ActiveDirectory
		SccLocalPath17 = Shared\\Facade\\TIG.TotalLink.Shared.Facade.ActiveDirectory
		SccProjectUniqueName18 = Shared\\DataModel\\TIG.TotalLink.Shared.DataModel.ActiveDirectory\\TIG.TotalLink.Shared.DataModel.ActiveDirectory.csproj
		SccProjectTopLevelParentUniqueName18 = TIG.TotalLink.Server.sln
		SccProjectName18 = Shared/DataModel/TIG.TotalLink.Shared.DataModel.ActiveDirectory
		SccLocalPath18 = Shared\\DataModel\\TIG.TotalLink.Shared.DataModel.ActiveDirectory
		SccProjectUniqueName19 = Server\\MethodService\\TIG.TotalLink.Server.MethodService.Authentication\\TIG.TotalLink.Server.MethodService.Authentication.csproj
		SccProjectTopLevelParentUniqueName19 = TIG.TotalLink.Server.sln
		SccProjectName19 = Server/MethodService/TIG.TotalLink.Server.MethodService.Authentication
		SccLocalPath19 = Server\\MethodService\\TIG.TotalLink.Server.MethodService.Authentication
		SccProjectUniqueName20 = Shared\\Contract\\TIG.TotalLink.Shared.Contract.Authentication\\TIG.TotalLink.Shared.Contract.Authentication.csproj
		SccProjectTopLevelParentUniqueName20 = TIG.TotalLink.Server.sln
		SccProjectName20 = Shared/Contract/TIG.TotalLink.Shared.Contract.Authentication
		SccLocalPath20 = Shared\\Contract\\TIG.TotalLink.Shared.Contract.Authentication
		SccProjectUniqueName21 = Shared\\DataModel\\TIG.TotalLink.Shared.DataModel.Task\\TIG.TotalLink.Shared.DataModel.Task.csproj
		SccProjectTopLevelParentUniqueName21 = TIG.TotalLink.Server.sln
		SccProjectName21 = Shared/DataModel/TIG.TotalLink.Shared.DataModel.Task
		SccLocalPath21 = Shared\\DataModel\\TIG.TotalLink.Shared.DataModel.Task
		SccProjectUniqueName22 = Shared\\DataModel\\TIG.TotalLink.Shared.DataModel.Crm\\TIG.TotalLink.Shared.DataModel.Crm.csproj
		SccProjectTopLevelParentUniqueName22 = TIG.TotalLink.Server.sln
		SccProjectName22 = Shared/DataModel/TIG.TotalLink.Shared.DataModel.Crm
		SccLocalPath22 = Shared\\DataModel\\TIG.TotalLink.Shared.DataModel.Crm
		SccProjectUniqueName23 = Shared\\Facade\\TIG.TotalLink.Shared.Facade.Task\\TIG.TotalLink.Shared.Facade.Task.csproj
		SccProjectTopLevelParentUniqueName23 = TIG.TotalLink.Server.sln
		SccProjectName23 = Shared/Facade/TIG.TotalLink.Shared.Facade.Task
		SccLocalPath23 = Shared\\Facade\\TIG.TotalLink.Shared.Facade.Task
		SccProjectUniqueName24 = Shared\\Facade\\TIG.TotalLink.Shared.Facade.Authentication\\TIG.TotalLink.Shared.Facade.Authentication.csproj
		SccProjectTopLevelParentUniqueName24 = TIG.TotalLink.Server.sln
		SccProjectName24 = Shared/Facade/TIG.TotalLink.Shared.Facade.Authentication
		SccLocalPath24 = Shared\\Facade\\TIG.TotalLink.Shared.Facade.Authentication
		SccProjectUniqueName25 = Shared\\Facade\\TIG.TotalLink.Shared.Facade.Crm\\TIG.TotalLink.Shared.Facade.Crm.csproj
		SccProjectTopLevelParentUniqueName25 = TIG.TotalLink.Server.sln
		SccProjectName25 = Shared/Facade/TIG.TotalLink.Shared.Facade.Crm
		SccLocalPath25 = Shared\\Facade\\TIG.TotalLink.Shared.Facade.Crm
		SccProjectUniqueName26 = Shared\\DataModel\\TIG.TotalLink.Shared.DataModel.Sale\\TIG.TotalLink.Shared.DataModel.Sale.csproj
		SccProjectTopLevelParentUniqueName26 = TIG.TotalLink.Server.sln
		SccProjectName26 = Shared/DataModel/TIG.TotalLink.Shared.DataModel.Sale
		SccLocalPath26 = Shared\\DataModel\\TIG.TotalLink.Shared.DataModel.Sale
		SccProjectUniqueName27 = Shared\\Facade\\TIG.TotalLink.Shared.Facade.Sale\\TIG.TotalLink.Shared.Facade.Sale.csproj
		SccProjectTopLevelParentUniqueName27 = TIG.TotalLink.Server.sln
		SccProjectName27 = Shared/Facade/TIG.TotalLink.Shared.Facade.Sale
		SccLocalPath27 = Shared\\Facade\\TIG.TotalLink.Shared.Facade.Sale
		SccProjectUniqueName28 = Shared\\DataModel\\TIG.TotalLink.Shared.DataModel.Inventory\\TIG.TotalLink.Shared.DataModel.Inventory.csproj
		SccProjectTopLevelParentUniqueName28 = TIG.TotalLink.Server.sln
		SccProjectName28 = Shared/DataModel/TIG.TotalLink.Shared.DataModel.Inventory
		SccLocalPath28 = Shared\\DataModel\\TIG.TotalLink.Shared.DataModel.Inventory
		SccProjectUniqueName29 = Shared\\DataModel\\TIG.TotalLink.Shared.DataModel.Workflow\\TIG.TotalLink.Shared.DataModel.Workflow.csproj
		SccProjectTopLevelParentUniqueName29 = TIG.TotalLink.Server.sln
		SccProjectName29 = Shared/DataModel/TIG.TotalLink.Shared.DataModel.Workflow
		SccLocalPath29 = Shared\\DataModel\\TIG.TotalLink.Shared.DataModel.Workflow
		SccProjectUniqueName30 = Shared\\Facade\\TIG.TotalLink.Shared.Facade.Inventory\\TIG.TotalLink.Shared.Facade.Inventory.csproj
		SccProjectTopLevelParentUniqueName30 = TIG.TotalLink.Server.sln
		SccProjectName30 = Shared/Facade/TIG.TotalLink.Shared.Facade.Inventory
		SccLocalPath30 = Shared\\Facade\\TIG.TotalLink.Shared.Facade.Inventory
		SccProjectUniqueName31 = Shared\\Facade\\TIG.TotalLink.Shared.Facade.Workflow\\TIG.TotalLink.Shared.Facade.Workflow.csproj
		SccProjectTopLevelParentUniqueName31 = TIG.TotalLink.Server.sln
		SccProjectName31 = Shared/Facade/TIG.TotalLink.Shared.Facade.Workflow
		SccLocalPath31 = Shared\\Facade\\TIG.TotalLink.Shared.Facade.Workflow
		SccProjectUniqueName32 = Shared\\DataModel\\TIG.TotalLink.Shared.DataModel.Repository\\TIG.TotalLink.Shared.DataModel.Repository.csproj
		SccProjectTopLevelParentUniqueName32 = TIG.TotalLink.Server.sln
		SccProjectName32 = Shared/DataModel/TIG.TotalLink.Shared.DataModel.Repository
		SccLocalPath32 = Shared\\DataModel\\TIG.TotalLink.Shared.DataModel.Repository
		SccProjectUniqueName33 = Shared\\DataModel\\TIG.TotalLink.Shared.DataModel.RepositoryStore\\TIG.TotalLink.Shared.DataModel.RepositoryStore.csproj
		SccProjectTopLevelParentUniqueName33 = TIG.TotalLink.Server.sln
		SccProjectName33 = Shared/DataModel/TIG.TotalLink.Shared.DataModel.RepositoryStore
		SccLocalPath33 = Shared\\DataModel\\TIG.TotalLink.Shared.DataModel.RepositoryStore
		SccProjectUniqueName34 = Server\\MethodService\\TIG.TotalLink.Server.MethodService.Repository\\TIG.TotalLink.Server.MethodService.Repository.csproj
		SccProjectTopLevelParentUniqueName34 = TIG.TotalLink.Server.sln
		SccProjectName34 = Server/MethodService/TIG.TotalLink.Server.MethodService.Repository
		SccLocalPath34 = Server\\MethodService\\TIG.TotalLink.Server.MethodService.Repository
		SccProjectUniqueName35 = Shared\\Facade\\TIG.TotalLink.Shared.Facade.Repository\\TIG.TotalLink.Shared.Facade.Repository.csproj
		SccProjectTopLevelParentUniqueName35 = TIG.TotalLink.Server.sln
		SccProjectName35 = Shared/Facade/TIG.TotalLink.Shared.Facade.Repository
		SccLocalPath35 = Shared\\Facade\\TIG.TotalLink.Shared.Facade.Repository
		SccProjectUniqueName36 = Shared\\Contract\\TIG.TotalLink.Shared.Contract.Repository\\TIG.TotalLink.Shared.Contract.Repository.csproj
		SccProjectTopLevelParentUniqueName36 = TIG.TotalLink.Server.sln
		SccProjectName36 = Shared/Contract/TIG.TotalLink.Shared.Contract.Repository
		SccLocalPath36 = Shared\\Contract\\TIG.TotalLink.Shared.Contract.Repository
		SccProjectUniqueName37 = Server\\DataService\\TIG.TotalLink.Server.DataService.Repository\\TIG.TotalLink.Server.DataService.Repository.csproj
		SccProjectTopLevelParentUniqueName37 = TIG.TotalLink.Server.sln
		SccProjectName37 = Server/DataService/TIG.TotalLink.Server.DataService.Repository
		SccLocalPath37 = Server\\DataService\\TIG.TotalLink.Server.DataService.Repository
		SccProjectUniqueName38 = Shared\\DataModel\\TIG.TotalLink.Shared.DataModel.Integration\\TIG.TotalLink.Shared.DataModel.Integration.csproj
		SccProjectTopLevelParentUniqueName38 = TIG.TotalLink.Server.sln
		SccProjectName38 = Shared/DataModel/TIG.TotalLink.Shared.DataModel.Integration
		SccLocalPath38 = Shared\\DataModel\\TIG.TotalLink.Shared.DataModel.Integration
		SccProjectUniqueName39 = Shared\\Facade\\TIG.TotalLink.Shared.Facade.Integration\\TIG.TotalLink.Shared.Facade.Integration.csproj
		SccProjectTopLevelParentUniqueName39 = TIG.TotalLink.Server.sln
		SccProjectName39 = Shared/Facade/TIG.TotalLink.Shared.Facade.Integration
		SccLocalPath39 = Shared\\Facade\\TIG.TotalLink.Shared.Facade.Integration
		SccProjectUniqueName40 = Shared\\DataModel\\TIG.TotalLink.Shared.DataModel.Purchasing\\TIG.TotalLink.Shared.DataModel.Purchasing.csproj
		SccProjectTopLevelParentUniqueName40 = TIG.TotalLink.Server.sln
		SccProjectName40 = Shared/DataModel/TIG.TotalLink.Shared.DataModel.Purchasing
		SccLocalPath40 = Shared\\DataModel\\TIG.TotalLink.Shared.DataModel.Purchasing
		SccProjectUniqueName41 = Shared\\Facade\\TIG.TotalLink.Shared.Facade.Purchasing\\TIG.TotalLink.Shared.Facade.Purchasing.csproj
		SccProjectTopLevelParentUniqueName41 = TIG.TotalLink.Server.sln
		SccProjectName41 = Shared/Facade/TIG.TotalLink.Shared.Facade.Purchasing
		SccLocalPath41 = Shared\\Facade\\TIG.TotalLink.Shared.Facade.Purchasing
		SccProjectUniqueName42 = Server\\DataAccess\\TIG.TotalLink.Server.DataAccess.Repository\\TIG.TotalLink.Server.DataAccess.Repository.csproj
		SccProjectTopLevelParentUniqueName42 = TIG.TotalLink.Server.sln
		SccProjectName42 = Server/DataAccess/TIG.TotalLink.Server.DataAccess.Repository
		SccLocalPath42 = Server\\DataAccess\\TIG.TotalLink.Server.DataAccess.Repository
		SccProjectUniqueName43 = Shared\\Contract\\TIG.TotalLink.Shared.Contract.Inventory\\TIG.TotalLink.Shared.Contract.Inventory.csproj
		SccProjectTopLevelParentUniqueName43 = TIG.TotalLink.Server.sln
		SccProjectName43 = Shared/Contract/TIG.TotalLink.Shared.Contract.Inventory
		SccLocalPath43 = Shared\\Contract\\TIG.TotalLink.Shared.Contract.Inventory
		SccProjectUniqueName44 = Server\\MethodService\\TIG.TotalLink.Server.MethodService.Inventory\\TIG.TotalLink.Server.MethodService.Inventory.csproj
		SccProjectTopLevelParentUniqueName44 = TIG.TotalLink.Server.sln
		SccProjectName44 = Server/MethodService/TIG.TotalLink.Server.MethodService.Inventory
		SccLocalPath44 = Server\\MethodService\\TIG.TotalLink.Server.MethodService.Inventory
		SccProjectUniqueName45 = Shared\\Core\\TIG.TotalLink.Shared.Xpo.Core\\TIG.TotalLink.Shared.Xpo.Core.csproj
		SccProjectTopLevelParentUniqueName45 = TIG.TotalLink.Server.sln
		SccProjectName45 = Shared/Core/TIG.TotalLink.Shared.Xpo.Core
		SccLocalPath45 = Shared\\Core\\TIG.TotalLink.Shared.Xpo.Core
		SccProjectUniqueName46 = Shared\\Contract\\TIG.TotalLink.Shared.Contract.Admin\\TIG.TotalLink.Shared.Contract.Admin.csproj
		SccProjectTopLevelParentUniqueName46 = TIG.TotalLink.Server.sln
		SccProjectName46 = Shared/Contract/TIG.TotalLink.Shared.Contract.Admin
		SccLocalPath46 = Shared\\Contract\\TIG.TotalLink.Shared.Contract.Admin
		SccProjectUniqueName47 = Server\\MethodService\\TIG.TotalLink.Server.MethodService.Admin\\TIG.TotalLink.Server.MethodService.Admin.csproj
		SccProjectTopLevelParentUniqueName47 = TIG.TotalLink.Server.sln
		SccProjectName47 = Server/MethodService/TIG.TotalLink.Server.MethodService.Admin
		SccLocalPath47 = Server\\MethodService\\TIG.TotalLink.Server.MethodService.Admin
		SccProjectUniqueName48 = Shared\\Contract\\TIG.TotalLink.Shared.Contract.Sale\\TIG.TotalLink.Shared.Contract.Sale.csproj
		SccProjectTopLevelParentUniqueName48 = TIG.TotalLink.Server.sln
		SccProjectName48 = Shared/Contract/TIG.TotalLink.Shared.Contract.Sale
		SccLocalPath48 = Shared\\Contract\\TIG.TotalLink.Shared.Contract.Sale
		SccProjectUniqueName49 = Server\\MethodService\\TIG.TotalLink.Server.MethodService.Sale\\TIG.TotalLink.Server.MethodService.Sale.csproj
		SccProjectTopLevelParentUniqueName49 = TIG.TotalLink.Server.sln
		SccProjectName49 = Server/MethodService/TIG.TotalLink.Server.MethodService.Sale
		SccLocalPath49 = Server\\MethodService\\TIG.TotalLink.Server.MethodService.Sale
	EndGlobalSection
	GlobalSection(SolutionConfigurationPlatforms) = preSolution
		Debug|Any CPU = Debug|Any CPU
		Dev|Any CPU = Dev|Any CPU
		Release|Any CPU = Release|Any CPU
		Test|Any CPU = Test|Any CPU
	EndGlobalSection
	GlobalSection(ProjectConfigurationPlatforms) = postSolution
		{146F5543-8C50-4414-B181-7BCDDB539285}.Debug|Any CPU.ActiveCfg = Debug|Any CPU
		{146F5543-8C50-4414-B181-7BCDDB539285}.Debug|Any CPU.Build.0 = Debug|Any CPU
		{146F5543-8C50-4414-B181-7BCDDB539285}.Dev|Any CPU.ActiveCfg = Dev|Any CPU
		{146F5543-8C50-4414-B181-7BCDDB539285}.Dev|Any CPU.Build.0 = Dev|Any CPU
		{146F5543-8C50-4414-B181-7BCDDB539285}.Release|Any CPU.ActiveCfg = Release|Any CPU
		{146F5543-8C50-4414-B181-7BCDDB539285}.Release|Any CPU.Build.0 = Release|Any CPU
		{146F5543-8C50-4414-B181-7BCDDB539285}.Test|Any CPU.ActiveCfg = Test|Any CPU
		{146F5543-8C50-4414-B181-7BCDDB539285}.Test|Any CPU.Build.0 = Test|Any CPU
		{21947A63-4ACC-44CC-87F4-42DC00479FFA}.Debug|Any CPU.ActiveCfg = Debug|Any CPU
		{21947A63-4ACC-44CC-87F4-42DC00479FFA}.Debug|Any CPU.Build.0 = Debug|Any CPU
		{21947A63-4ACC-44CC-87F4-42DC00479FFA}.Dev|Any CPU.ActiveCfg = Dev|Any CPU
		{21947A63-4ACC-44CC-87F4-42DC00479FFA}.Dev|Any CPU.Build.0 = Dev|Any CPU
		{21947A63-4ACC-44CC-87F4-42DC00479FFA}.Release|Any CPU.ActiveCfg = Release|Any CPU
		{21947A63-4ACC-44CC-87F4-42DC00479FFA}.Release|Any CPU.Build.0 = Release|Any CPU
		{21947A63-4ACC-44CC-87F4-42DC00479FFA}.Test|Any CPU.ActiveCfg = Test|Any CPU
		{21947A63-4ACC-44CC-87F4-42DC00479FFA}.Test|Any CPU.Build.0 = Test|Any CPU
		{FB358652-45F1-4410-99DA-19D72833DCD6}.Debug|Any CPU.ActiveCfg = Debug|Any CPU
		{FB358652-45F1-4410-99DA-19D72833DCD6}.Debug|Any CPU.Build.0 = Debug|Any CPU
		{FB358652-45F1-4410-99DA-19D72833DCD6}.Dev|Any CPU.ActiveCfg = Dev|Any CPU
		{FB358652-45F1-4410-99DA-19D72833DCD6}.Dev|Any CPU.Build.0 = Dev|Any CPU
		{FB358652-45F1-4410-99DA-19D72833DCD6}.Release|Any CPU.ActiveCfg = Release|Any CPU
		{FB358652-45F1-4410-99DA-19D72833DCD6}.Release|Any CPU.Build.0 = Release|Any CPU
		{FB358652-45F1-4410-99DA-19D72833DCD6}.Test|Any CPU.ActiveCfg = Test|Any CPU
		{FB358652-45F1-4410-99DA-19D72833DCD6}.Test|Any CPU.Build.0 = Test|Any CPU
		{629AE438-FB3F-4E91-895D-3B3F4D3F2896}.Debug|Any CPU.ActiveCfg = Debug|Any CPU
		{629AE438-FB3F-4E91-895D-3B3F4D3F2896}.Debug|Any CPU.Build.0 = Debug|Any CPU
		{629AE438-FB3F-4E91-895D-3B3F4D3F2896}.Dev|Any CPU.ActiveCfg = Dev|Any CPU
		{629AE438-FB3F-4E91-895D-3B3F4D3F2896}.Dev|Any CPU.Build.0 = Dev|Any CPU
		{629AE438-FB3F-4E91-895D-3B3F4D3F2896}.Release|Any CPU.ActiveCfg = Release|Any CPU
		{629AE438-FB3F-4E91-895D-3B3F4D3F2896}.Release|Any CPU.Build.0 = Release|Any CPU
		{629AE438-FB3F-4E91-895D-3B3F4D3F2896}.Test|Any CPU.ActiveCfg = Test|Any CPU
		{629AE438-FB3F-4E91-895D-3B3F4D3F2896}.Test|Any CPU.Build.0 = Test|Any CPU
		{4A861974-D9A8-4697-9418-F7A0116FA9A9}.Debug|Any CPU.ActiveCfg = Debug|Any CPU
		{4A861974-D9A8-4697-9418-F7A0116FA9A9}.Debug|Any CPU.Build.0 = Debug|Any CPU
		{4A861974-D9A8-4697-9418-F7A0116FA9A9}.Dev|Any CPU.ActiveCfg = Dev|Any CPU
		{4A861974-D9A8-4697-9418-F7A0116FA9A9}.Dev|Any CPU.Build.0 = Dev|Any CPU
		{4A861974-D9A8-4697-9418-F7A0116FA9A9}.Release|Any CPU.ActiveCfg = Release|Any CPU
		{4A861974-D9A8-4697-9418-F7A0116FA9A9}.Release|Any CPU.Build.0 = Release|Any CPU
		{4A861974-D9A8-4697-9418-F7A0116FA9A9}.Test|Any CPU.ActiveCfg = Test|Any CPU
		{4A861974-D9A8-4697-9418-F7A0116FA9A9}.Test|Any CPU.Build.0 = Test|Any CPU
		{DD5E8F05-5EFD-4D7B-8A41-76ADC432DA87}.Debug|Any CPU.ActiveCfg = Debug|Any CPU
		{DD5E8F05-5EFD-4D7B-8A41-76ADC432DA87}.Debug|Any CPU.Build.0 = Debug|Any CPU
		{DD5E8F05-5EFD-4D7B-8A41-76ADC432DA87}.Dev|Any CPU.ActiveCfg = Dev|Any CPU
		{DD5E8F05-5EFD-4D7B-8A41-76ADC432DA87}.Dev|Any CPU.Build.0 = Dev|Any CPU
		{DD5E8F05-5EFD-4D7B-8A41-76ADC432DA87}.Release|Any CPU.ActiveCfg = Release|Any CPU
		{DD5E8F05-5EFD-4D7B-8A41-76ADC432DA87}.Release|Any CPU.Build.0 = Release|Any CPU
		{DD5E8F05-5EFD-4D7B-8A41-76ADC432DA87}.Test|Any CPU.ActiveCfg = Test|Any CPU
		{DD5E8F05-5EFD-4D7B-8A41-76ADC432DA87}.Test|Any CPU.Build.0 = Test|Any CPU
		{66FF44D2-D1AB-4B4A-B59F-367F7AE204CC}.Debug|Any CPU.ActiveCfg = Debug|Any CPU
		{66FF44D2-D1AB-4B4A-B59F-367F7AE204CC}.Debug|Any CPU.Build.0 = Debug|Any CPU
		{66FF44D2-D1AB-4B4A-B59F-367F7AE204CC}.Dev|Any CPU.ActiveCfg = Dev|Any CPU
		{66FF44D2-D1AB-4B4A-B59F-367F7AE204CC}.Dev|Any CPU.Build.0 = Dev|Any CPU
		{66FF44D2-D1AB-4B4A-B59F-367F7AE204CC}.Release|Any CPU.ActiveCfg = Release|Any CPU
		{66FF44D2-D1AB-4B4A-B59F-367F7AE204CC}.Release|Any CPU.Build.0 = Release|Any CPU
		{66FF44D2-D1AB-4B4A-B59F-367F7AE204CC}.Test|Any CPU.ActiveCfg = Test|Any CPU
		{66FF44D2-D1AB-4B4A-B59F-367F7AE204CC}.Test|Any CPU.Build.0 = Test|Any CPU
		{24A2F243-2834-4836-A312-5DAEE18BAB89}.Debug|Any CPU.ActiveCfg = Debug|Any CPU
		{24A2F243-2834-4836-A312-5DAEE18BAB89}.Debug|Any CPU.Build.0 = Debug|Any CPU
		{24A2F243-2834-4836-A312-5DAEE18BAB89}.Dev|Any CPU.ActiveCfg = Dev|Any CPU
		{24A2F243-2834-4836-A312-5DAEE18BAB89}.Dev|Any CPU.Build.0 = Dev|Any CPU
		{24A2F243-2834-4836-A312-5DAEE18BAB89}.Release|Any CPU.ActiveCfg = Release|Any CPU
		{24A2F243-2834-4836-A312-5DAEE18BAB89}.Release|Any CPU.Build.0 = Release|Any CPU
		{24A2F243-2834-4836-A312-5DAEE18BAB89}.Test|Any CPU.ActiveCfg = Test|Any CPU
		{24A2F243-2834-4836-A312-5DAEE18BAB89}.Test|Any CPU.Build.0 = Test|Any CPU
		{1A27194B-A32C-4FE6-AC2E-FB405799258E}.Debug|Any CPU.ActiveCfg = Debug|Any CPU
		{1A27194B-A32C-4FE6-AC2E-FB405799258E}.Debug|Any CPU.Build.0 = Debug|Any CPU
		{1A27194B-A32C-4FE6-AC2E-FB405799258E}.Dev|Any CPU.ActiveCfg = Dev|Any CPU
		{1A27194B-A32C-4FE6-AC2E-FB405799258E}.Dev|Any CPU.Build.0 = Dev|Any CPU
		{1A27194B-A32C-4FE6-AC2E-FB405799258E}.Release|Any CPU.ActiveCfg = Release|Any CPU
		{1A27194B-A32C-4FE6-AC2E-FB405799258E}.Release|Any CPU.Build.0 = Release|Any CPU
		{1A27194B-A32C-4FE6-AC2E-FB405799258E}.Test|Any CPU.ActiveCfg = Test|Any CPU
		{1A27194B-A32C-4FE6-AC2E-FB405799258E}.Test|Any CPU.Build.0 = Test|Any CPU
		{BAC378AB-AED9-4677-9279-B80770A500E4}.Debug|Any CPU.ActiveCfg = Debug|Any CPU
		{BAC378AB-AED9-4677-9279-B80770A500E4}.Debug|Any CPU.Build.0 = Debug|Any CPU
		{BAC378AB-AED9-4677-9279-B80770A500E4}.Dev|Any CPU.ActiveCfg = Dev|Any CPU
		{BAC378AB-AED9-4677-9279-B80770A500E4}.Dev|Any CPU.Build.0 = Dev|Any CPU
		{BAC378AB-AED9-4677-9279-B80770A500E4}.Release|Any CPU.ActiveCfg = Release|Any CPU
		{BAC378AB-AED9-4677-9279-B80770A500E4}.Release|Any CPU.Build.0 = Release|Any CPU
		{BAC378AB-AED9-4677-9279-B80770A500E4}.Test|Any CPU.ActiveCfg = Test|Any CPU
		{BAC378AB-AED9-4677-9279-B80770A500E4}.Test|Any CPU.Build.0 = Test|Any CPU
		{71B72AF6-3A35-4AAD-B75A-50D117E031CA}.Debug|Any CPU.ActiveCfg = Debug|Any CPU
		{71B72AF6-3A35-4AAD-B75A-50D117E031CA}.Debug|Any CPU.Build.0 = Debug|Any CPU
		{71B72AF6-3A35-4AAD-B75A-50D117E031CA}.Dev|Any CPU.ActiveCfg = Dev|Any CPU
		{71B72AF6-3A35-4AAD-B75A-50D117E031CA}.Dev|Any CPU.Build.0 = Dev|Any CPU
		{71B72AF6-3A35-4AAD-B75A-50D117E031CA}.Release|Any CPU.ActiveCfg = Release|Any CPU
		{71B72AF6-3A35-4AAD-B75A-50D117E031CA}.Release|Any CPU.Build.0 = Release|Any CPU
		{71B72AF6-3A35-4AAD-B75A-50D117E031CA}.Test|Any CPU.ActiveCfg = Test|Any CPU
		{71B72AF6-3A35-4AAD-B75A-50D117E031CA}.Test|Any CPU.Build.0 = Test|Any CPU
		{678FB5BB-CCEB-454F-B9BC-3A19892B3F68}.Debug|Any CPU.ActiveCfg = Debug|Any CPU
		{678FB5BB-CCEB-454F-B9BC-3A19892B3F68}.Debug|Any CPU.Build.0 = Debug|Any CPU
		{678FB5BB-CCEB-454F-B9BC-3A19892B3F68}.Dev|Any CPU.ActiveCfg = Dev|Any CPU
		{678FB5BB-CCEB-454F-B9BC-3A19892B3F68}.Dev|Any CPU.Build.0 = Dev|Any CPU
		{678FB5BB-CCEB-454F-B9BC-3A19892B3F68}.Release|Any CPU.ActiveCfg = Release|Any CPU
		{678FB5BB-CCEB-454F-B9BC-3A19892B3F68}.Release|Any CPU.Build.0 = Release|Any CPU
		{678FB5BB-CCEB-454F-B9BC-3A19892B3F68}.Test|Any CPU.ActiveCfg = Test|Any CPU
		{678FB5BB-CCEB-454F-B9BC-3A19892B3F68}.Test|Any CPU.Build.0 = Test|Any CPU
		{1220D104-9223-4A95-8EAD-0CF1FC41CBE3}.Debug|Any CPU.ActiveCfg = Debug|Any CPU
		{1220D104-9223-4A95-8EAD-0CF1FC41CBE3}.Debug|Any CPU.Build.0 = Debug|Any CPU
		{1220D104-9223-4A95-8EAD-0CF1FC41CBE3}.Dev|Any CPU.ActiveCfg = Dev|Any CPU
		{1220D104-9223-4A95-8EAD-0CF1FC41CBE3}.Dev|Any CPU.Build.0 = Dev|Any CPU
		{1220D104-9223-4A95-8EAD-0CF1FC41CBE3}.Release|Any CPU.ActiveCfg = Release|Any CPU
		{1220D104-9223-4A95-8EAD-0CF1FC41CBE3}.Release|Any CPU.Build.0 = Release|Any CPU
		{1220D104-9223-4A95-8EAD-0CF1FC41CBE3}.Test|Any CPU.ActiveCfg = Test|Any CPU
		{1220D104-9223-4A95-8EAD-0CF1FC41CBE3}.Test|Any CPU.Build.0 = Test|Any CPU
		{E807AEB3-10F4-497C-BC43-3B15B1487E3F}.Debug|Any CPU.ActiveCfg = Debug|Any CPU
		{E807AEB3-10F4-497C-BC43-3B15B1487E3F}.Debug|Any CPU.Build.0 = Debug|Any CPU
		{E807AEB3-10F4-497C-BC43-3B15B1487E3F}.Dev|Any CPU.ActiveCfg = Dev|Any CPU
		{E807AEB3-10F4-497C-BC43-3B15B1487E3F}.Dev|Any CPU.Build.0 = Dev|Any CPU
		{E807AEB3-10F4-497C-BC43-3B15B1487E3F}.Release|Any CPU.ActiveCfg = Release|Any CPU
		{E807AEB3-10F4-497C-BC43-3B15B1487E3F}.Release|Any CPU.Build.0 = Release|Any CPU
		{E807AEB3-10F4-497C-BC43-3B15B1487E3F}.Test|Any CPU.ActiveCfg = Test|Any CPU
		{E807AEB3-10F4-497C-BC43-3B15B1487E3F}.Test|Any CPU.Build.0 = Test|Any CPU
		{2B202BCB-7B64-4CC6-8321-1C1E09A742E6}.Debug|Any CPU.ActiveCfg = Debug|Any CPU
		{2B202BCB-7B64-4CC6-8321-1C1E09A742E6}.Debug|Any CPU.Build.0 = Debug|Any CPU
		{2B202BCB-7B64-4CC6-8321-1C1E09A742E6}.Dev|Any CPU.ActiveCfg = Dev|Any CPU
		{2B202BCB-7B64-4CC6-8321-1C1E09A742E6}.Dev|Any CPU.Build.0 = Dev|Any CPU
		{2B202BCB-7B64-4CC6-8321-1C1E09A742E6}.Release|Any CPU.ActiveCfg = Release|Any CPU
		{2B202BCB-7B64-4CC6-8321-1C1E09A742E6}.Release|Any CPU.Build.0 = Release|Any CPU
		{2B202BCB-7B64-4CC6-8321-1C1E09A742E6}.Test|Any CPU.ActiveCfg = Test|Any CPU
		{2B202BCB-7B64-4CC6-8321-1C1E09A742E6}.Test|Any CPU.Build.0 = Test|Any CPU
		{1BC2AE4E-81A2-4647-BB95-C872984F5C4F}.Debug|Any CPU.ActiveCfg = Debug|Any CPU
		{1BC2AE4E-81A2-4647-BB95-C872984F5C4F}.Debug|Any CPU.Build.0 = Debug|Any CPU
		{1BC2AE4E-81A2-4647-BB95-C872984F5C4F}.Dev|Any CPU.ActiveCfg = Dev|Any CPU
		{1BC2AE4E-81A2-4647-BB95-C872984F5C4F}.Dev|Any CPU.Build.0 = Dev|Any CPU
		{1BC2AE4E-81A2-4647-BB95-C872984F5C4F}.Release|Any CPU.ActiveCfg = Release|Any CPU
		{1BC2AE4E-81A2-4647-BB95-C872984F5C4F}.Release|Any CPU.Build.0 = Release|Any CPU
		{1BC2AE4E-81A2-4647-BB95-C872984F5C4F}.Test|Any CPU.ActiveCfg = Test|Any CPU
		{1BC2AE4E-81A2-4647-BB95-C872984F5C4F}.Test|Any CPU.Build.0 = Test|Any CPU
		{DC6F9E60-CF7E-41F2-BF5D-F2CC40C884E3}.Debug|Any CPU.ActiveCfg = Debug|Any CPU
		{DC6F9E60-CF7E-41F2-BF5D-F2CC40C884E3}.Debug|Any CPU.Build.0 = Debug|Any CPU
		{DC6F9E60-CF7E-41F2-BF5D-F2CC40C884E3}.Dev|Any CPU.ActiveCfg = Dev|Any CPU
		{DC6F9E60-CF7E-41F2-BF5D-F2CC40C884E3}.Dev|Any CPU.Build.0 = Dev|Any CPU
		{DC6F9E60-CF7E-41F2-BF5D-F2CC40C884E3}.Release|Any CPU.ActiveCfg = Release|Any CPU
		{DC6F9E60-CF7E-41F2-BF5D-F2CC40C884E3}.Release|Any CPU.Build.0 = Release|Any CPU
		{DC6F9E60-CF7E-41F2-BF5D-F2CC40C884E3}.Test|Any CPU.ActiveCfg = Test|Any CPU
		{DC6F9E60-CF7E-41F2-BF5D-F2CC40C884E3}.Test|Any CPU.Build.0 = Test|Any CPU
		{32227CC3-D4C4-4BC1-A54B-B8FB37BC9F46}.Debug|Any CPU.ActiveCfg = Debug|Any CPU
		{32227CC3-D4C4-4BC1-A54B-B8FB37BC9F46}.Debug|Any CPU.Build.0 = Debug|Any CPU
		{32227CC3-D4C4-4BC1-A54B-B8FB37BC9F46}.Dev|Any CPU.ActiveCfg = Dev|Any CPU
		{32227CC3-D4C4-4BC1-A54B-B8FB37BC9F46}.Dev|Any CPU.Build.0 = Dev|Any CPU
		{32227CC3-D4C4-4BC1-A54B-B8FB37BC9F46}.Release|Any CPU.ActiveCfg = Release|Any CPU
		{32227CC3-D4C4-4BC1-A54B-B8FB37BC9F46}.Release|Any CPU.Build.0 = Release|Any CPU
		{32227CC3-D4C4-4BC1-A54B-B8FB37BC9F46}.Test|Any CPU.ActiveCfg = Test|Any CPU
		{32227CC3-D4C4-4BC1-A54B-B8FB37BC9F46}.Test|Any CPU.Build.0 = Test|Any CPU
		{40567FB7-6107-4E36-B4A8-042E2BF7761B}.Debug|Any CPU.ActiveCfg = Debug|Any CPU
		{40567FB7-6107-4E36-B4A8-042E2BF7761B}.Debug|Any CPU.Build.0 = Debug|Any CPU
		{40567FB7-6107-4E36-B4A8-042E2BF7761B}.Dev|Any CPU.ActiveCfg = Dev|Any CPU
		{40567FB7-6107-4E36-B4A8-042E2BF7761B}.Dev|Any CPU.Build.0 = Dev|Any CPU
		{40567FB7-6107-4E36-B4A8-042E2BF7761B}.Release|Any CPU.ActiveCfg = Release|Any CPU
		{40567FB7-6107-4E36-B4A8-042E2BF7761B}.Release|Any CPU.Build.0 = Release|Any CPU
		{40567FB7-6107-4E36-B4A8-042E2BF7761B}.Test|Any CPU.ActiveCfg = Test|Any CPU
		{40567FB7-6107-4E36-B4A8-042E2BF7761B}.Test|Any CPU.Build.0 = Test|Any CPU
		{424DC105-2F88-41C3-829F-9D9B8AEA7834}.Debug|Any CPU.ActiveCfg = Debug|Any CPU
		{424DC105-2F88-41C3-829F-9D9B8AEA7834}.Debug|Any CPU.Build.0 = Debug|Any CPU
		{424DC105-2F88-41C3-829F-9D9B8AEA7834}.Dev|Any CPU.ActiveCfg = Dev|Any CPU
		{424DC105-2F88-41C3-829F-9D9B8AEA7834}.Dev|Any CPU.Build.0 = Dev|Any CPU
		{424DC105-2F88-41C3-829F-9D9B8AEA7834}.Release|Any CPU.ActiveCfg = Release|Any CPU
		{424DC105-2F88-41C3-829F-9D9B8AEA7834}.Release|Any CPU.Build.0 = Release|Any CPU
		{424DC105-2F88-41C3-829F-9D9B8AEA7834}.Test|Any CPU.ActiveCfg = Test|Any CPU
		{424DC105-2F88-41C3-829F-9D9B8AEA7834}.Test|Any CPU.Build.0 = Test|Any CPU
		{5A4591BA-1AFF-49E6-A762-B6EEAD4E053D}.Debug|Any CPU.ActiveCfg = Debug|Any CPU
		{5A4591BA-1AFF-49E6-A762-B6EEAD4E053D}.Debug|Any CPU.Build.0 = Debug|Any CPU
		{5A4591BA-1AFF-49E6-A762-B6EEAD4E053D}.Dev|Any CPU.ActiveCfg = Dev|Any CPU
		{5A4591BA-1AFF-49E6-A762-B6EEAD4E053D}.Dev|Any CPU.Build.0 = Dev|Any CPU
		{5A4591BA-1AFF-49E6-A762-B6EEAD4E053D}.Release|Any CPU.ActiveCfg = Release|Any CPU
		{5A4591BA-1AFF-49E6-A762-B6EEAD4E053D}.Release|Any CPU.Build.0 = Release|Any CPU
		{5A4591BA-1AFF-49E6-A762-B6EEAD4E053D}.Test|Any CPU.ActiveCfg = Test|Any CPU
		{5A4591BA-1AFF-49E6-A762-B6EEAD4E053D}.Test|Any CPU.Build.0 = Test|Any CPU
		{94C4E03B-0A4F-430B-9D77-3C686B6C7B6D}.Debug|Any CPU.ActiveCfg = Debug|Any CPU
		{94C4E03B-0A4F-430B-9D77-3C686B6C7B6D}.Debug|Any CPU.Build.0 = Debug|Any CPU
		{94C4E03B-0A4F-430B-9D77-3C686B6C7B6D}.Dev|Any CPU.ActiveCfg = Dev|Any CPU
		{94C4E03B-0A4F-430B-9D77-3C686B6C7B6D}.Dev|Any CPU.Build.0 = Dev|Any CPU
		{94C4E03B-0A4F-430B-9D77-3C686B6C7B6D}.Release|Any CPU.ActiveCfg = Release|Any CPU
		{94C4E03B-0A4F-430B-9D77-3C686B6C7B6D}.Release|Any CPU.Build.0 = Release|Any CPU
		{94C4E03B-0A4F-430B-9D77-3C686B6C7B6D}.Test|Any CPU.ActiveCfg = Test|Any CPU
		{94C4E03B-0A4F-430B-9D77-3C686B6C7B6D}.Test|Any CPU.Build.0 = Test|Any CPU
		{28D4FE4E-9316-4012-840E-15CE8464994D}.Debug|Any CPU.ActiveCfg = Debug|Any CPU
		{28D4FE4E-9316-4012-840E-15CE8464994D}.Debug|Any CPU.Build.0 = Debug|Any CPU
		{28D4FE4E-9316-4012-840E-15CE8464994D}.Dev|Any CPU.ActiveCfg = Dev|Any CPU
		{28D4FE4E-9316-4012-840E-15CE8464994D}.Dev|Any CPU.Build.0 = Dev|Any CPU
		{28D4FE4E-9316-4012-840E-15CE8464994D}.Release|Any CPU.ActiveCfg = Release|Any CPU
		{28D4FE4E-9316-4012-840E-15CE8464994D}.Release|Any CPU.Build.0 = Release|Any CPU
		{28D4FE4E-9316-4012-840E-15CE8464994D}.Test|Any CPU.ActiveCfg = Test|Any CPU
		{28D4FE4E-9316-4012-840E-15CE8464994D}.Test|Any CPU.Build.0 = Test|Any CPU
		{AFCB9647-46BD-4FF2-9AD2-CE8568A903D7}.Debug|Any CPU.ActiveCfg = Debug|Any CPU
		{AFCB9647-46BD-4FF2-9AD2-CE8568A903D7}.Debug|Any CPU.Build.0 = Debug|Any CPU
		{AFCB9647-46BD-4FF2-9AD2-CE8568A903D7}.Dev|Any CPU.ActiveCfg = Dev|Any CPU
		{AFCB9647-46BD-4FF2-9AD2-CE8568A903D7}.Dev|Any CPU.Build.0 = Dev|Any CPU
		{AFCB9647-46BD-4FF2-9AD2-CE8568A903D7}.Release|Any CPU.ActiveCfg = Release|Any CPU
		{AFCB9647-46BD-4FF2-9AD2-CE8568A903D7}.Release|Any CPU.Build.0 = Release|Any CPU
		{AFCB9647-46BD-4FF2-9AD2-CE8568A903D7}.Test|Any CPU.ActiveCfg = Test|Any CPU
		{AFCB9647-46BD-4FF2-9AD2-CE8568A903D7}.Test|Any CPU.Build.0 = Test|Any CPU
		{6E010AEA-317B-49C5-8F16-391474780D43}.Debug|Any CPU.ActiveCfg = Debug|Any CPU
		{6E010AEA-317B-49C5-8F16-391474780D43}.Debug|Any CPU.Build.0 = Debug|Any CPU
		{6E010AEA-317B-49C5-8F16-391474780D43}.Dev|Any CPU.ActiveCfg = Dev|Any CPU
		{6E010AEA-317B-49C5-8F16-391474780D43}.Dev|Any CPU.Build.0 = Dev|Any CPU
		{6E010AEA-317B-49C5-8F16-391474780D43}.Release|Any CPU.ActiveCfg = Release|Any CPU
		{6E010AEA-317B-49C5-8F16-391474780D43}.Release|Any CPU.Build.0 = Release|Any CPU
		{6E010AEA-317B-49C5-8F16-391474780D43}.Test|Any CPU.ActiveCfg = Test|Any CPU
		{6E010AEA-317B-49C5-8F16-391474780D43}.Test|Any CPU.Build.0 = Test|Any CPU
		{57B93C8C-FBF7-4F43-9763-F983757D86B5}.Debug|Any CPU.ActiveCfg = Debug|Any CPU
		{57B93C8C-FBF7-4F43-9763-F983757D86B5}.Debug|Any CPU.Build.0 = Debug|Any CPU
		{57B93C8C-FBF7-4F43-9763-F983757D86B5}.Dev|Any CPU.ActiveCfg = Dev|Any CPU
		{57B93C8C-FBF7-4F43-9763-F983757D86B5}.Dev|Any CPU.Build.0 = Dev|Any CPU
		{57B93C8C-FBF7-4F43-9763-F983757D86B5}.Release|Any CPU.ActiveCfg = Release|Any CPU
		{57B93C8C-FBF7-4F43-9763-F983757D86B5}.Release|Any CPU.Build.0 = Release|Any CPU
		{57B93C8C-FBF7-4F43-9763-F983757D86B5}.Test|Any CPU.ActiveCfg = Test|Any CPU
		{57B93C8C-FBF7-4F43-9763-F983757D86B5}.Test|Any CPU.Build.0 = Test|Any CPU
		{3F102DC3-F4B5-4F96-A2CE-A8109BC434ED}.Debug|Any CPU.ActiveCfg = Debug|Any CPU
		{3F102DC3-F4B5-4F96-A2CE-A8109BC434ED}.Debug|Any CPU.Build.0 = Debug|Any CPU
		{3F102DC3-F4B5-4F96-A2CE-A8109BC434ED}.Dev|Any CPU.ActiveCfg = Dev|Any CPU
		{3F102DC3-F4B5-4F96-A2CE-A8109BC434ED}.Dev|Any CPU.Build.0 = Dev|Any CPU
		{3F102DC3-F4B5-4F96-A2CE-A8109BC434ED}.Release|Any CPU.ActiveCfg = Release|Any CPU
		{3F102DC3-F4B5-4F96-A2CE-A8109BC434ED}.Release|Any CPU.Build.0 = Release|Any CPU
		{3F102DC3-F4B5-4F96-A2CE-A8109BC434ED}.Test|Any CPU.ActiveCfg = Test|Any CPU
		{3F102DC3-F4B5-4F96-A2CE-A8109BC434ED}.Test|Any CPU.Build.0 = Test|Any CPU
		{4F8AFA84-C1C2-44F2-84EE-4DE70065A63F}.Debug|Any CPU.ActiveCfg = Debug|Any CPU
		{4F8AFA84-C1C2-44F2-84EE-4DE70065A63F}.Debug|Any CPU.Build.0 = Debug|Any CPU
		{4F8AFA84-C1C2-44F2-84EE-4DE70065A63F}.Dev|Any CPU.ActiveCfg = Dev|Any CPU
		{4F8AFA84-C1C2-44F2-84EE-4DE70065A63F}.Dev|Any CPU.Build.0 = Dev|Any CPU
		{4F8AFA84-C1C2-44F2-84EE-4DE70065A63F}.Release|Any CPU.ActiveCfg = Release|Any CPU
		{4F8AFA84-C1C2-44F2-84EE-4DE70065A63F}.Release|Any CPU.Build.0 = Release|Any CPU
		{4F8AFA84-C1C2-44F2-84EE-4DE70065A63F}.Test|Any CPU.ActiveCfg = Test|Any CPU
		{4F8AFA84-C1C2-44F2-84EE-4DE70065A63F}.Test|Any CPU.Build.0 = Test|Any CPU
		{0C1E81CA-68B3-4DD6-9921-AFCC8A860DD3}.Debug|Any CPU.ActiveCfg = Debug|Any CPU
		{0C1E81CA-68B3-4DD6-9921-AFCC8A860DD3}.Debug|Any CPU.Build.0 = Debug|Any CPU
		{0C1E81CA-68B3-4DD6-9921-AFCC8A860DD3}.Dev|Any CPU.ActiveCfg = Dev|Any CPU
		{0C1E81CA-68B3-4DD6-9921-AFCC8A860DD3}.Dev|Any CPU.Build.0 = Dev|Any CPU
		{0C1E81CA-68B3-4DD6-9921-AFCC8A860DD3}.Release|Any CPU.ActiveCfg = Release|Any CPU
		{0C1E81CA-68B3-4DD6-9921-AFCC8A860DD3}.Release|Any CPU.Build.0 = Release|Any CPU
		{0C1E81CA-68B3-4DD6-9921-AFCC8A860DD3}.Test|Any CPU.ActiveCfg = Test|Any CPU
		{0C1E81CA-68B3-4DD6-9921-AFCC8A860DD3}.Test|Any CPU.Build.0 = Test|Any CPU
		{26CC0F75-DF41-4918-80E1-FB8C504CE5AF}.Debug|Any CPU.ActiveCfg = Debug|Any CPU
		{26CC0F75-DF41-4918-80E1-FB8C504CE5AF}.Debug|Any CPU.Build.0 = Debug|Any CPU
		{26CC0F75-DF41-4918-80E1-FB8C504CE5AF}.Dev|Any CPU.ActiveCfg = Dev|Any CPU
		{26CC0F75-DF41-4918-80E1-FB8C504CE5AF}.Dev|Any CPU.Build.0 = Dev|Any CPU
		{26CC0F75-DF41-4918-80E1-FB8C504CE5AF}.Release|Any CPU.ActiveCfg = Release|Any CPU
		{26CC0F75-DF41-4918-80E1-FB8C504CE5AF}.Release|Any CPU.Build.0 = Release|Any CPU
		{26CC0F75-DF41-4918-80E1-FB8C504CE5AF}.Test|Any CPU.ActiveCfg = Test|Any CPU
		{26CC0F75-DF41-4918-80E1-FB8C504CE5AF}.Test|Any CPU.Build.0 = Test|Any CPU
		{97E56C88-299D-4FFC-9703-99D4187A4B4D}.Debug|Any CPU.ActiveCfg = Debug|Any CPU
		{97E56C88-299D-4FFC-9703-99D4187A4B4D}.Debug|Any CPU.Build.0 = Debug|Any CPU
		{97E56C88-299D-4FFC-9703-99D4187A4B4D}.Dev|Any CPU.ActiveCfg = Dev|Any CPU
		{97E56C88-299D-4FFC-9703-99D4187A4B4D}.Dev|Any CPU.Build.0 = Dev|Any CPU
		{97E56C88-299D-4FFC-9703-99D4187A4B4D}.Release|Any CPU.ActiveCfg = Release|Any CPU
		{97E56C88-299D-4FFC-9703-99D4187A4B4D}.Release|Any CPU.Build.0 = Release|Any CPU
		{97E56C88-299D-4FFC-9703-99D4187A4B4D}.Test|Any CPU.ActiveCfg = Test|Any CPU
		{97E56C88-299D-4FFC-9703-99D4187A4B4D}.Test|Any CPU.Build.0 = Test|Any CPU
		{6E5845BE-CB1C-4364-B200-036BA752377A}.Debug|Any CPU.ActiveCfg = Debug|Any CPU
		{6E5845BE-CB1C-4364-B200-036BA752377A}.Debug|Any CPU.Build.0 = Debug|Any CPU
		{6E5845BE-CB1C-4364-B200-036BA752377A}.Dev|Any CPU.ActiveCfg = Dev|Any CPU
		{6E5845BE-CB1C-4364-B200-036BA752377A}.Dev|Any CPU.Build.0 = Dev|Any CPU
		{6E5845BE-CB1C-4364-B200-036BA752377A}.Release|Any CPU.ActiveCfg = Release|Any CPU
		{6E5845BE-CB1C-4364-B200-036BA752377A}.Release|Any CPU.Build.0 = Release|Any CPU
		{6E5845BE-CB1C-4364-B200-036BA752377A}.Test|Any CPU.ActiveCfg = Test|Any CPU
		{6E5845BE-CB1C-4364-B200-036BA752377A}.Test|Any CPU.Build.0 = Test|Any CPU
		{4CA932E5-1A0F-4C67-9FB9-61EA207A8D60}.Debug|Any CPU.ActiveCfg = Debug|Any CPU
		{4CA932E5-1A0F-4C67-9FB9-61EA207A8D60}.Debug|Any CPU.Build.0 = Debug|Any CPU
		{4CA932E5-1A0F-4C67-9FB9-61EA207A8D60}.Dev|Any CPU.ActiveCfg = Dev|Any CPU
		{4CA932E5-1A0F-4C67-9FB9-61EA207A8D60}.Dev|Any CPU.Build.0 = Dev|Any CPU
		{4CA932E5-1A0F-4C67-9FB9-61EA207A8D60}.Release|Any CPU.ActiveCfg = Release|Any CPU
		{4CA932E5-1A0F-4C67-9FB9-61EA207A8D60}.Release|Any CPU.Build.0 = Release|Any CPU
		{4CA932E5-1A0F-4C67-9FB9-61EA207A8D60}.Test|Any CPU.ActiveCfg = Test|Any CPU
		{4CA932E5-1A0F-4C67-9FB9-61EA207A8D60}.Test|Any CPU.Build.0 = Test|Any CPU
		{6F497210-A175-41E1-8532-9639A2958019}.Debug|Any CPU.ActiveCfg = Debug|Any CPU
		{6F497210-A175-41E1-8532-9639A2958019}.Debug|Any CPU.Build.0 = Debug|Any CPU
		{6F497210-A175-41E1-8532-9639A2958019}.Dev|Any CPU.ActiveCfg = Dev|Any CPU
		{6F497210-A175-41E1-8532-9639A2958019}.Dev|Any CPU.Build.0 = Dev|Any CPU
		{6F497210-A175-41E1-8532-9639A2958019}.Release|Any CPU.ActiveCfg = Release|Any CPU
		{6F497210-A175-41E1-8532-9639A2958019}.Release|Any CPU.Build.0 = Release|Any CPU
		{6F497210-A175-41E1-8532-9639A2958019}.Test|Any CPU.ActiveCfg = Test|Any CPU
		{6F497210-A175-41E1-8532-9639A2958019}.Test|Any CPU.Build.0 = Test|Any CPU
		{E01285A0-93B9-4E1C-B3C8-035EDDED24F4}.Debug|Any CPU.ActiveCfg = Debug|Any CPU
		{E01285A0-93B9-4E1C-B3C8-035EDDED24F4}.Debug|Any CPU.Build.0 = Debug|Any CPU
		{E01285A0-93B9-4E1C-B3C8-035EDDED24F4}.Dev|Any CPU.ActiveCfg = Dev|Any CPU
		{E01285A0-93B9-4E1C-B3C8-035EDDED24F4}.Dev|Any CPU.Build.0 = Dev|Any CPU
		{E01285A0-93B9-4E1C-B3C8-035EDDED24F4}.Release|Any CPU.ActiveCfg = Release|Any CPU
		{E01285A0-93B9-4E1C-B3C8-035EDDED24F4}.Release|Any CPU.Build.0 = Release|Any CPU
		{E01285A0-93B9-4E1C-B3C8-035EDDED24F4}.Test|Any CPU.ActiveCfg = Test|Any CPU
		{E01285A0-93B9-4E1C-B3C8-035EDDED24F4}.Test|Any CPU.Build.0 = Test|Any CPU
		{41AE9A5D-A2F4-4C64-8636-88EA4F70E36D}.Debug|Any CPU.ActiveCfg = Debug|Any CPU
		{41AE9A5D-A2F4-4C64-8636-88EA4F70E36D}.Debug|Any CPU.Build.0 = Debug|Any CPU
		{41AE9A5D-A2F4-4C64-8636-88EA4F70E36D}.Dev|Any CPU.ActiveCfg = Dev|Any CPU
		{41AE9A5D-A2F4-4C64-8636-88EA4F70E36D}.Dev|Any CPU.Build.0 = Dev|Any CPU
		{41AE9A5D-A2F4-4C64-8636-88EA4F70E36D}.Release|Any CPU.ActiveCfg = Release|Any CPU
		{41AE9A5D-A2F4-4C64-8636-88EA4F70E36D}.Release|Any CPU.Build.0 = Release|Any CPU
		{41AE9A5D-A2F4-4C64-8636-88EA4F70E36D}.Test|Any CPU.ActiveCfg = Test|Any CPU
		{41AE9A5D-A2F4-4C64-8636-88EA4F70E36D}.Test|Any CPU.Build.0 = Test|Any CPU
		{5B88B89C-FD06-4105-8E0E-D4DE9F663D8F}.Debug|Any CPU.ActiveCfg = Debug|Any CPU
		{5B88B89C-FD06-4105-8E0E-D4DE9F663D8F}.Debug|Any CPU.Build.0 = Debug|Any CPU
		{5B88B89C-FD06-4105-8E0E-D4DE9F663D8F}.Dev|Any CPU.ActiveCfg = Dev|Any CPU
		{5B88B89C-FD06-4105-8E0E-D4DE9F663D8F}.Dev|Any CPU.Build.0 = Dev|Any CPU
		{5B88B89C-FD06-4105-8E0E-D4DE9F663D8F}.Release|Any CPU.ActiveCfg = Release|Any CPU
		{5B88B89C-FD06-4105-8E0E-D4DE9F663D8F}.Release|Any CPU.Build.0 = Release|Any CPU
		{5B88B89C-FD06-4105-8E0E-D4DE9F663D8F}.Test|Any CPU.ActiveCfg = Test|Any CPU
		{5B88B89C-FD06-4105-8E0E-D4DE9F663D8F}.Test|Any CPU.Build.0 = Test|Any CPU
		{17F6E5C4-6885-45C5-A1AF-BADD53940D48}.Debug|Any CPU.ActiveCfg = Debug|Any CPU
		{17F6E5C4-6885-45C5-A1AF-BADD53940D48}.Debug|Any CPU.Build.0 = Debug|Any CPU
		{17F6E5C4-6885-45C5-A1AF-BADD53940D48}.Dev|Any CPU.ActiveCfg = Dev|Any CPU
		{17F6E5C4-6885-45C5-A1AF-BADD53940D48}.Dev|Any CPU.Build.0 = Dev|Any CPU
		{17F6E5C4-6885-45C5-A1AF-BADD53940D48}.Release|Any CPU.ActiveCfg = Release|Any CPU
		{17F6E5C4-6885-45C5-A1AF-BADD53940D48}.Release|Any CPU.Build.0 = Release|Any CPU
		{17F6E5C4-6885-45C5-A1AF-BADD53940D48}.Test|Any CPU.ActiveCfg = Test|Any CPU
		{17F6E5C4-6885-45C5-A1AF-BADD53940D48}.Test|Any CPU.Build.0 = Test|Any CPU
		{8C64DE66-A6CC-4EA8-A94B-71B8F7E02A28}.Debug|Any CPU.ActiveCfg = Debug|Any CPU
		{8C64DE66-A6CC-4EA8-A94B-71B8F7E02A28}.Debug|Any CPU.Build.0 = Debug|Any CPU
		{8C64DE66-A6CC-4EA8-A94B-71B8F7E02A28}.Dev|Any CPU.ActiveCfg = Dev|Any CPU
		{8C64DE66-A6CC-4EA8-A94B-71B8F7E02A28}.Dev|Any CPU.Build.0 = Dev|Any CPU
		{8C64DE66-A6CC-4EA8-A94B-71B8F7E02A28}.Release|Any CPU.ActiveCfg = Release|Any CPU
		{8C64DE66-A6CC-4EA8-A94B-71B8F7E02A28}.Release|Any CPU.Build.0 = Release|Any CPU
		{8C64DE66-A6CC-4EA8-A94B-71B8F7E02A28}.Test|Any CPU.ActiveCfg = Test|Any CPU
		{8C64DE66-A6CC-4EA8-A94B-71B8F7E02A28}.Test|Any CPU.Build.0 = Test|Any CPU
		{91AA6D14-173C-4814-9909-E4FDB2C27DE4}.Debug|Any CPU.ActiveCfg = Debug|Any CPU
		{91AA6D14-173C-4814-9909-E4FDB2C27DE4}.Debug|Any CPU.Build.0 = Debug|Any CPU
		{91AA6D14-173C-4814-9909-E4FDB2C27DE4}.Dev|Any CPU.ActiveCfg = Dev|Any CPU
		{91AA6D14-173C-4814-9909-E4FDB2C27DE4}.Dev|Any CPU.Build.0 = Dev|Any CPU
		{91AA6D14-173C-4814-9909-E4FDB2C27DE4}.Release|Any CPU.ActiveCfg = Release|Any CPU
		{91AA6D14-173C-4814-9909-E4FDB2C27DE4}.Release|Any CPU.Build.0 = Release|Any CPU
		{91AA6D14-173C-4814-9909-E4FDB2C27DE4}.Test|Any CPU.ActiveCfg = Test|Any CPU
		{91AA6D14-173C-4814-9909-E4FDB2C27DE4}.Test|Any CPU.Build.0 = Test|Any CPU
		{7EB53B3B-04B7-4AAC-8274-724417B80D7D}.Debug|Any CPU.ActiveCfg = Debug|Any CPU
		{7EB53B3B-04B7-4AAC-8274-724417B80D7D}.Debug|Any CPU.Build.0 = Debug|Any CPU
		{7EB53B3B-04B7-4AAC-8274-724417B80D7D}.Dev|Any CPU.ActiveCfg = Dev|Any CPU
		{7EB53B3B-04B7-4AAC-8274-724417B80D7D}.Dev|Any CPU.Build.0 = Dev|Any CPU
		{7EB53B3B-04B7-4AAC-8274-724417B80D7D}.Release|Any CPU.ActiveCfg = Release|Any CPU
		{7EB53B3B-04B7-4AAC-8274-724417B80D7D}.Release|Any CPU.Build.0 = Release|Any CPU
		{7EB53B3B-04B7-4AAC-8274-724417B80D7D}.Test|Any CPU.ActiveCfg = Test|Any CPU
		{7EB53B3B-04B7-4AAC-8274-724417B80D7D}.Test|Any CPU.Build.0 = Test|Any CPU
		{EB5B412B-668A-40C6-8614-28B85FF44797}.Debug|Any CPU.ActiveCfg = Debug|Any CPU
		{EB5B412B-668A-40C6-8614-28B85FF44797}.Debug|Any CPU.Build.0 = Debug|Any CPU
		{EB5B412B-668A-40C6-8614-28B85FF44797}.Dev|Any CPU.ActiveCfg = Dev|Any CPU
		{EB5B412B-668A-40C6-8614-28B85FF44797}.Dev|Any CPU.Build.0 = Dev|Any CPU
		{EB5B412B-668A-40C6-8614-28B85FF44797}.Release|Any CPU.ActiveCfg = Release|Any CPU
		{EB5B412B-668A-40C6-8614-28B85FF44797}.Release|Any CPU.Build.0 = Release|Any CPU
		{EB5B412B-668A-40C6-8614-28B85FF44797}.Test|Any CPU.ActiveCfg = Test|Any CPU
		{EB5B412B-668A-40C6-8614-28B85FF44797}.Test|Any CPU.Build.0 = Test|Any CPU
		{25294B0F-3CCC-49DF-A06F-9642BCAC6D5C}.Debug|Any CPU.ActiveCfg = Debug|Any CPU
		{25294B0F-3CCC-49DF-A06F-9642BCAC6D5C}.Debug|Any CPU.Build.0 = Debug|Any CPU
		{25294B0F-3CCC-49DF-A06F-9642BCAC6D5C}.Dev|Any CPU.ActiveCfg = Dev|Any CPU
		{25294B0F-3CCC-49DF-A06F-9642BCAC6D5C}.Dev|Any CPU.Build.0 = Dev|Any CPU
		{25294B0F-3CCC-49DF-A06F-9642BCAC6D5C}.Release|Any CPU.ActiveCfg = Release|Any CPU
		{25294B0F-3CCC-49DF-A06F-9642BCAC6D5C}.Release|Any CPU.Build.0 = Release|Any CPU
		{25294B0F-3CCC-49DF-A06F-9642BCAC6D5C}.Test|Any CPU.ActiveCfg = Test|Any CPU
		{25294B0F-3CCC-49DF-A06F-9642BCAC6D5C}.Test|Any CPU.Build.0 = Test|Any CPU
		{BF0272C1-A46F-4A7C-8E61-9B78346BB064}.Debug|Any CPU.ActiveCfg = Debug|Any CPU
		{BF0272C1-A46F-4A7C-8E61-9B78346BB064}.Debug|Any CPU.Build.0 = Debug|Any CPU
		{BF0272C1-A46F-4A7C-8E61-9B78346BB064}.Dev|Any CPU.ActiveCfg = Dev|Any CPU
		{BF0272C1-A46F-4A7C-8E61-9B78346BB064}.Dev|Any CPU.Build.0 = Dev|Any CPU
		{BF0272C1-A46F-4A7C-8E61-9B78346BB064}.Release|Any CPU.ActiveCfg = Release|Any CPU
		{BF0272C1-A46F-4A7C-8E61-9B78346BB064}.Release|Any CPU.Build.0 = Release|Any CPU
		{BF0272C1-A46F-4A7C-8E61-9B78346BB064}.Test|Any CPU.ActiveCfg = Test|Any CPU
		{BF0272C1-A46F-4A7C-8E61-9B78346BB064}.Test|Any CPU.Build.0 = Test|Any CPU
		{ACF21CF4-AB60-4A12-B41E-31DF6470FFE4}.Debug|Any CPU.ActiveCfg = Debug|Any CPU
		{ACF21CF4-AB60-4A12-B41E-31DF6470FFE4}.Debug|Any CPU.Build.0 = Debug|Any CPU
		{ACF21CF4-AB60-4A12-B41E-31DF6470FFE4}.Dev|Any CPU.ActiveCfg = Dev|Any CPU
		{ACF21CF4-AB60-4A12-B41E-31DF6470FFE4}.Dev|Any CPU.Build.0 = Dev|Any CPU
		{ACF21CF4-AB60-4A12-B41E-31DF6470FFE4}.Release|Any CPU.ActiveCfg = Release|Any CPU
		{ACF21CF4-AB60-4A12-B41E-31DF6470FFE4}.Release|Any CPU.Build.0 = Release|Any CPU
		{ACF21CF4-AB60-4A12-B41E-31DF6470FFE4}.Test|Any CPU.ActiveCfg = Test|Any CPU
		{ACF21CF4-AB60-4A12-B41E-31DF6470FFE4}.Test|Any CPU.Build.0 = Test|Any CPU
		{77A44C6C-15E7-48B1-9954-0B158E407F0E}.Debug|Any CPU.ActiveCfg = Debug|Any CPU
		{77A44C6C-15E7-48B1-9954-0B158E407F0E}.Debug|Any CPU.Build.0 = Debug|Any CPU
		{77A44C6C-15E7-48B1-9954-0B158E407F0E}.Dev|Any CPU.ActiveCfg = Dev|Any CPU
		{77A44C6C-15E7-48B1-9954-0B158E407F0E}.Dev|Any CPU.Build.0 = Dev|Any CPU
		{77A44C6C-15E7-48B1-9954-0B158E407F0E}.Release|Any CPU.ActiveCfg = Release|Any CPU
		{77A44C6C-15E7-48B1-9954-0B158E407F0E}.Release|Any CPU.Build.0 = Release|Any CPU
		{77A44C6C-15E7-48B1-9954-0B158E407F0E}.Test|Any CPU.ActiveCfg = Test|Any CPU
		{77A44C6C-15E7-48B1-9954-0B158E407F0E}.Test|Any CPU.Build.0 = Test|Any CPU
		{09400B1D-F76E-4C19-B338-6AA2999F6C88}.Debug|Any CPU.ActiveCfg = Debug|Any CPU
		{09400B1D-F76E-4C19-B338-6AA2999F6C88}.Debug|Any CPU.Build.0 = Debug|Any CPU
		{09400B1D-F76E-4C19-B338-6AA2999F6C88}.Dev|Any CPU.ActiveCfg = Dev|Any CPU
		{09400B1D-F76E-4C19-B338-6AA2999F6C88}.Dev|Any CPU.Build.0 = Dev|Any CPU
		{09400B1D-F76E-4C19-B338-6AA2999F6C88}.Release|Any CPU.ActiveCfg = Release|Any CPU
		{09400B1D-F76E-4C19-B338-6AA2999F6C88}.Release|Any CPU.Build.0 = Release|Any CPU
		{09400B1D-F76E-4C19-B338-6AA2999F6C88}.Test|Any CPU.ActiveCfg = Test|Any CPU
		{09400B1D-F76E-4C19-B338-6AA2999F6C88}.Test|Any CPU.Build.0 = Test|Any CPU
		{82E617DD-6323-4F32-B372-758FB9FA14F1}.Debug|Any CPU.ActiveCfg = Debug|Any CPU
		{82E617DD-6323-4F32-B372-758FB9FA14F1}.Debug|Any CPU.Build.0 = Debug|Any CPU
		{82E617DD-6323-4F32-B372-758FB9FA14F1}.Dev|Any CPU.ActiveCfg = Debug|Any CPU
		{82E617DD-6323-4F32-B372-758FB9FA14F1}.Dev|Any CPU.Build.0 = Debug|Any CPU
		{82E617DD-6323-4F32-B372-758FB9FA14F1}.Release|Any CPU.ActiveCfg = Release|Any CPU
		{82E617DD-6323-4F32-B372-758FB9FA14F1}.Release|Any CPU.Build.0 = Release|Any CPU
		{82E617DD-6323-4F32-B372-758FB9FA14F1}.Test|Any CPU.ActiveCfg = Release|Any CPU
		{82E617DD-6323-4F32-B372-758FB9FA14F1}.Test|Any CPU.Build.0 = Release|Any CPU
		{6DA4E58B-BF70-4EAF-BD24-C01144BCF54B}.Debug|Any CPU.ActiveCfg = Debug|Any CPU
		{6DA4E58B-BF70-4EAF-BD24-C01144BCF54B}.Debug|Any CPU.Build.0 = Debug|Any CPU
		{6DA4E58B-BF70-4EAF-BD24-C01144BCF54B}.Dev|Any CPU.ActiveCfg = Debug|Any CPU
		{6DA4E58B-BF70-4EAF-BD24-C01144BCF54B}.Dev|Any CPU.Build.0 = Debug|Any CPU
		{6DA4E58B-BF70-4EAF-BD24-C01144BCF54B}.Release|Any CPU.ActiveCfg = Release|Any CPU
		{6DA4E58B-BF70-4EAF-BD24-C01144BCF54B}.Release|Any CPU.Build.0 = Release|Any CPU
		{6DA4E58B-BF70-4EAF-BD24-C01144BCF54B}.Test|Any CPU.ActiveCfg = Release|Any CPU
		{6DA4E58B-BF70-4EAF-BD24-C01144BCF54B}.Test|Any CPU.Build.0 = Release|Any CPU
	EndGlobalSection
	GlobalSection(SolutionProperties) = preSolution
		HideSolutionNode = FALSE
	EndGlobalSection
	GlobalSection(NestedProjects) = preSolution
		{6DB08A62-5974-4A2F-A2A6-57C19D6F463C} = {785F0644-19EE-4B8C-9F6F-9912AE8FE971}
		{F267B51C-74DF-48C2-90AC-AF7E09B866B6} = {A2734993-A6A4-41E1-BEDB-AF94B499D62E}
		{B889CA1B-7A43-490F-942C-E13004626293} = {A2734993-A6A4-41E1-BEDB-AF94B499D62E}
		{E3DC1233-37EC-4044-AC4E-04A7EBCEEDD0} = {A2734993-A6A4-41E1-BEDB-AF94B499D62E}
		{146F5543-8C50-4414-B181-7BCDDB539285} = {E3DC1233-37EC-4044-AC4E-04A7EBCEEDD0}
		{21947A63-4ACC-44CC-87F4-42DC00479FFA} = {F267B51C-74DF-48C2-90AC-AF7E09B866B6}
		{DF0921E9-9B93-4F4F-8DF7-5E314239E933} = {785F0644-19EE-4B8C-9F6F-9912AE8FE971}
		{FB358652-45F1-4410-99DA-19D72833DCD6} = {DF0921E9-9B93-4F4F-8DF7-5E314239E933}
		{A95D9F0D-5F0F-4A3A-9367-5EB716B736F9} = {785F0644-19EE-4B8C-9F6F-9912AE8FE971}
		{629AE438-FB3F-4E91-895D-3B3F4D3F2896} = {DF0921E9-9B93-4F4F-8DF7-5E314239E933}
		{F904DAAE-E53B-4BD5-95DC-0184471A55EA} = {A2734993-A6A4-41E1-BEDB-AF94B499D62E}
		{4A861974-D9A8-4697-9418-F7A0116FA9A9} = {F904DAAE-E53B-4BD5-95DC-0184471A55EA}
		{DD5E8F05-5EFD-4D7B-8A41-76ADC432DA87} = {A95D9F0D-5F0F-4A3A-9367-5EB716B736F9}
		{C34FF225-D40D-4441-AD31-40A5D6A09C2C} = {785F0644-19EE-4B8C-9F6F-9912AE8FE971}
		{66FF44D2-D1AB-4B4A-B59F-367F7AE204CC} = {DF0921E9-9B93-4F4F-8DF7-5E314239E933}
		{24A2F243-2834-4836-A312-5DAEE18BAB89} = {B889CA1B-7A43-490F-942C-E13004626293}
		{1A27194B-A32C-4FE6-AC2E-FB405799258E} = {C34FF225-D40D-4441-AD31-40A5D6A09C2C}
		{BAC378AB-AED9-4677-9279-B80770A500E4} = {F267B51C-74DF-48C2-90AC-AF7E09B866B6}
		{71B72AF6-3A35-4AAD-B75A-50D117E031CA} = {A95D9F0D-5F0F-4A3A-9367-5EB716B736F9}
		{678FB5BB-CCEB-454F-B9BC-3A19892B3F68} = {6DB08A62-5974-4A2F-A2A6-57C19D6F463C}
		{1220D104-9223-4A95-8EAD-0CF1FC41CBE3} = {6DB08A62-5974-4A2F-A2A6-57C19D6F463C}
		{E807AEB3-10F4-497C-BC43-3B15B1487E3F} = {6DB08A62-5974-4A2F-A2A6-57C19D6F463C}
		{2B202BCB-7B64-4CC6-8321-1C1E09A742E6} = {A95D9F0D-5F0F-4A3A-9367-5EB716B736F9}
		{1BC2AE4E-81A2-4647-BB95-C872984F5C4F} = {F267B51C-74DF-48C2-90AC-AF7E09B866B6}
		{DC6F9E60-CF7E-41F2-BF5D-F2CC40C884E3} = {A95D9F0D-5F0F-4A3A-9367-5EB716B736F9}
		{32227CC3-D4C4-4BC1-A54B-B8FB37BC9F46} = {6DB08A62-5974-4A2F-A2A6-57C19D6F463C}
		{40567FB7-6107-4E36-B4A8-042E2BF7761B} = {B889CA1B-7A43-490F-942C-E13004626293}
		{424DC105-2F88-41C3-829F-9D9B8AEA7834} = {C34FF225-D40D-4441-AD31-40A5D6A09C2C}
		{5A4591BA-1AFF-49E6-A762-B6EEAD4E053D} = {6DB08A62-5974-4A2F-A2A6-57C19D6F463C}
		{94C4E03B-0A4F-430B-9D77-3C686B6C7B6D} = {6DB08A62-5974-4A2F-A2A6-57C19D6F463C}
		{28D4FE4E-9316-4012-840E-15CE8464994D} = {A95D9F0D-5F0F-4A3A-9367-5EB716B736F9}
		{AFCB9647-46BD-4FF2-9AD2-CE8568A903D7} = {A95D9F0D-5F0F-4A3A-9367-5EB716B736F9}
		{6E010AEA-317B-49C5-8F16-391474780D43} = {A95D9F0D-5F0F-4A3A-9367-5EB716B736F9}
		{57B93C8C-FBF7-4F43-9763-F983757D86B5} = {6DB08A62-5974-4A2F-A2A6-57C19D6F463C}
		{3F102DC3-F4B5-4F96-A2CE-A8109BC434ED} = {A95D9F0D-5F0F-4A3A-9367-5EB716B736F9}
		{4F8AFA84-C1C2-44F2-84EE-4DE70065A63F} = {6DB08A62-5974-4A2F-A2A6-57C19D6F463C}
		{0C1E81CA-68B3-4DD6-9921-AFCC8A860DD3} = {6DB08A62-5974-4A2F-A2A6-57C19D6F463C}
		{26CC0F75-DF41-4918-80E1-FB8C504CE5AF} = {A95D9F0D-5F0F-4A3A-9367-5EB716B736F9}
		{97E56C88-299D-4FFC-9703-99D4187A4B4D} = {A95D9F0D-5F0F-4A3A-9367-5EB716B736F9}
		{9697FA6B-14B8-4F18-99E4-380CC93060E8} = {A2734993-A6A4-41E1-BEDB-AF94B499D62E}
		{6E5845BE-CB1C-4364-B200-036BA752377A} = {6DB08A62-5974-4A2F-A2A6-57C19D6F463C}
		{4CA932E5-1A0F-4C67-9FB9-61EA207A8D60} = {6DB08A62-5974-4A2F-A2A6-57C19D6F463C}
		{6F497210-A175-41E1-8532-9639A2958019} = {B889CA1B-7A43-490F-942C-E13004626293}
		{E01285A0-93B9-4E1C-B3C8-035EDDED24F4} = {A95D9F0D-5F0F-4A3A-9367-5EB716B736F9}
		{41AE9A5D-A2F4-4C64-8636-88EA4F70E36D} = {C34FF225-D40D-4441-AD31-40A5D6A09C2C}
		{5B88B89C-FD06-4105-8E0E-D4DE9F663D8F} = {F267B51C-74DF-48C2-90AC-AF7E09B866B6}
		{17F6E5C4-6885-45C5-A1AF-BADD53940D48} = {6DB08A62-5974-4A2F-A2A6-57C19D6F463C}
		{8C64DE66-A6CC-4EA8-A94B-71B8F7E02A28} = {A95D9F0D-5F0F-4A3A-9367-5EB716B736F9}
		{91AA6D14-173C-4814-9909-E4FDB2C27DE4} = {6DB08A62-5974-4A2F-A2A6-57C19D6F463C}
		{7EB53B3B-04B7-4AAC-8274-724417B80D7D} = {A95D9F0D-5F0F-4A3A-9367-5EB716B736F9}
		{EB5B412B-668A-40C6-8614-28B85FF44797} = {9697FA6B-14B8-4F18-99E4-380CC93060E8}
		{25294B0F-3CCC-49DF-A06F-9642BCAC6D5C} = {C34FF225-D40D-4441-AD31-40A5D6A09C2C}
		{BF0272C1-A46F-4A7C-8E61-9B78346BB064} = {B889CA1B-7A43-490F-942C-E13004626293}
		{ACF21CF4-AB60-4A12-B41E-31DF6470FFE4} = {DF0921E9-9B93-4F4F-8DF7-5E314239E933}
		{77A44C6C-15E7-48B1-9954-0B158E407F0E} = {C34FF225-D40D-4441-AD31-40A5D6A09C2C}
		{09400B1D-F76E-4C19-B338-6AA2999F6C88} = {B889CA1B-7A43-490F-942C-E13004626293}
		{82E617DD-6323-4F32-B372-758FB9FA14F1} = {C34FF225-D40D-4441-AD31-40A5D6A09C2C}
		{6DA4E58B-BF70-4EAF-BD24-C01144BCF54B} = {B889CA1B-7A43-490F-942C-E13004626293}
	EndGlobalSection
EndGlobal
